// !$*UTF8*$!
{
	archiveVersion = 1;
	classes = {
	};
	objectVersion = 46;
	objects = {

/* Begin PBXBuildFile section */
		216893D615FA01BD00AFF77A /* Storyboard.storyboard in Resources */ = {isa = PBXBuildFile; fileRef = 216893D515FA01BD00AFF77A /* Storyboard.storyboard */; };
		2168940B15FA143300AFF77A /* SplashWithLoginViewController.m in Sources */ = {isa = PBXBuildFile; fileRef = 2168940A15FA143300AFF77A /* SplashWithLoginViewController.m */; };
		2168940E15FA149300AFF77A /* RegisterViewController.m in Sources */ = {isa = PBXBuildFile; fileRef = 2168940D15FA149300AFF77A /* RegisterViewController.m */; };
		34AC0E0E15CBEF73006ED814 /* UIKit.framework in Frameworks */ = {isa = PBXBuildFile; fileRef = 34AC0E0D15CBEF73006ED814 /* UIKit.framework */; };
		34AC0E1015CBEF73006ED814 /* Foundation.framework in Frameworks */ = {isa = PBXBuildFile; fileRef = 34AC0E0F15CBEF73006ED814 /* Foundation.framework */; };
		34AC0E1215CBEF73006ED814 /* CoreGraphics.framework in Frameworks */ = {isa = PBXBuildFile; fileRef = 34AC0E1115CBEF73006ED814 /* CoreGraphics.framework */; };
		34AC0E1815CBEF73006ED814 /* InfoPlist.strings in Resources */ = {isa = PBXBuildFile; fileRef = 34AC0E1615CBEF73006ED814 /* InfoPlist.strings */; };
		34AC0E1A15CBEF73006ED814 /* main.m in Sources */ = {isa = PBXBuildFile; fileRef = 34AC0E1915CBEF73006ED814 /* main.m */; };
		34AC0E1E15CBEF73006ED814 /* AppDelegate.m in Sources */ = {isa = PBXBuildFile; fileRef = 34AC0E1D15CBEF73006ED814 /* AppDelegate.m */; };
		B56BA8E915CBF33200C650AD /* Foundation.framework in Frameworks */ = {isa = PBXBuildFile; fileRef = 34AC0E0F15CBEF73006ED814 /* Foundation.framework */; };
		B56BA8EF15CBF33200C650AD /* noArcLibreries.m in Sources */ = {isa = PBXBuildFile; fileRef = B56BA8EE15CBF33200C650AD /* noArcLibreries.m */; };
		B56BA94B15CBF36E00C650AD /* DBAccountInfo.h in Headers */ = {isa = PBXBuildFile; fileRef = B56BA8F515CBF36E00C650AD /* DBAccountInfo.h */; };
		B56BA94C15CBF36E00C650AD /* DBAccountInfo.m in Sources */ = {isa = PBXBuildFile; fileRef = B56BA8F615CBF36E00C650AD /* DBAccountInfo.m */; };
		B56BA94D15CBF36E00C650AD /* DBCreateAccountController.h in Headers */ = {isa = PBXBuildFile; fileRef = B56BA8F715CBF36E00C650AD /* DBCreateAccountController.h */; };
		B56BA94E15CBF36E00C650AD /* DBCreateAccountController.m in Sources */ = {isa = PBXBuildFile; fileRef = B56BA8F815CBF36E00C650AD /* DBCreateAccountController.m */; };
		B56BA94F15CBF36E00C650AD /* DBError.h in Headers */ = {isa = PBXBuildFile; fileRef = B56BA8F915CBF36E00C650AD /* DBError.h */; };
		B56BA95015CBF36E00C650AD /* DBError.m in Sources */ = {isa = PBXBuildFile; fileRef = B56BA8FA15CBF36E00C650AD /* DBError.m */; };
		B56BA95115CBF36E00C650AD /* DBLoadingView.h in Headers */ = {isa = PBXBuildFile; fileRef = B56BA8FB15CBF36E00C650AD /* DBLoadingView.h */; };
		B56BA95215CBF36E00C650AD /* DBLoadingView.m in Sources */ = {isa = PBXBuildFile; fileRef = B56BA8FC15CBF36E00C650AD /* DBLoadingView.m */; };
		B56BA95315CBF36E00C650AD /* DBLoginController.h in Headers */ = {isa = PBXBuildFile; fileRef = B56BA8FD15CBF36E00C650AD /* DBLoginController.h */; };
		B56BA95415CBF36E00C650AD /* DBLoginController.m in Sources */ = {isa = PBXBuildFile; fileRef = B56BA8FE15CBF36E00C650AD /* DBLoginController.m */; };
		B56BA95515CBF36E00C650AD /* DBMetadata.h in Headers */ = {isa = PBXBuildFile; fileRef = B56BA8FF15CBF36E00C650AD /* DBMetadata.h */; };
		B56BA95615CBF36E00C650AD /* DBMetadata.m in Sources */ = {isa = PBXBuildFile; fileRef = B56BA90015CBF36E00C650AD /* DBMetadata.m */; };
		B56BA95715CBF36E00C650AD /* DBQuota.h in Headers */ = {isa = PBXBuildFile; fileRef = B56BA90115CBF36E00C650AD /* DBQuota.h */; };
		B56BA95815CBF36E00C650AD /* DBQuota.m in Sources */ = {isa = PBXBuildFile; fileRef = B56BA90215CBF36E00C650AD /* DBQuota.m */; };
		B56BA95915CBF36E00C650AD /* DBRequest.h in Headers */ = {isa = PBXBuildFile; fileRef = B56BA90315CBF36E00C650AD /* DBRequest.h */; };
		B56BA95A15CBF36E00C650AD /* DBRequest.m in Sources */ = {isa = PBXBuildFile; fileRef = B56BA90415CBF36E00C650AD /* DBRequest.m */; };
		B56BA95B15CBF36E00C650AD /* DBRestClient.h in Headers */ = {isa = PBXBuildFile; fileRef = B56BA90515CBF36E00C650AD /* DBRestClient.h */; };
		B56BA95C15CBF36E00C650AD /* DBRestClient.m in Sources */ = {isa = PBXBuildFile; fileRef = B56BA90615CBF36E00C650AD /* DBRestClient.m */; };
		B56BA95D15CBF36E00C650AD /* DBSession.h in Headers */ = {isa = PBXBuildFile; fileRef = B56BA90715CBF36E00C650AD /* DBSession.h */; };
		B56BA95E15CBF36E00C650AD /* DBSession.m in Sources */ = {isa = PBXBuildFile; fileRef = B56BA90815CBF36E00C650AD /* DBSession.m */; };
		B56BA95F15CBF36E00C650AD /* DropboxSDK.h in Headers */ = {isa = PBXBuildFile; fileRef = B56BA90915CBF36E00C650AD /* DropboxSDK.h */; };
		B56BA96015CBF36E00C650AD /* JSON.h in Headers */ = {isa = PBXBuildFile; fileRef = B56BA90B15CBF36E00C650AD /* JSON.h */; };
		B56BA96115CBF36E00C650AD /* NSObject+SBJSON.h in Headers */ = {isa = PBXBuildFile; fileRef = B56BA90C15CBF36E00C650AD /* NSObject+SBJSON.h */; };
		B56BA96215CBF36E00C650AD /* NSObject+SBJSON.m in Sources */ = {isa = PBXBuildFile; fileRef = B56BA90D15CBF36E00C650AD /* NSObject+SBJSON.m */; };
		B56BA96315CBF36E00C650AD /* NSString+SBJSON.h in Headers */ = {isa = PBXBuildFile; fileRef = B56BA90E15CBF36E00C650AD /* NSString+SBJSON.h */; };
		B56BA96415CBF36E00C650AD /* NSString+SBJSON.m in Sources */ = {isa = PBXBuildFile; fileRef = B56BA90F15CBF36E00C650AD /* NSString+SBJSON.m */; };
		B56BA96515CBF36E00C650AD /* SBJSON.h in Headers */ = {isa = PBXBuildFile; fileRef = B56BA91015CBF36E00C650AD /* SBJSON.h */; };
		B56BA96615CBF36E00C650AD /* SBJSON.m in Sources */ = {isa = PBXBuildFile; fileRef = B56BA91115CBF36E00C650AD /* SBJSON.m */; };
		B56BA96715CBF36E00C650AD /* SBJsonBase.h in Headers */ = {isa = PBXBuildFile; fileRef = B56BA91215CBF36E00C650AD /* SBJsonBase.h */; };
		B56BA96815CBF36E00C650AD /* SBJsonBase.m in Sources */ = {isa = PBXBuildFile; fileRef = B56BA91315CBF36E00C650AD /* SBJsonBase.m */; };
		B56BA96915CBF36E00C650AD /* SBJsonParser.h in Headers */ = {isa = PBXBuildFile; fileRef = B56BA91415CBF36E00C650AD /* SBJsonParser.h */; };
		B56BA96A15CBF36E00C650AD /* SBJsonParser.m in Sources */ = {isa = PBXBuildFile; fileRef = B56BA91515CBF36E00C650AD /* SBJsonParser.m */; };
		B56BA96B15CBF36E00C650AD /* SBJsonWriter.h in Headers */ = {isa = PBXBuildFile; fileRef = B56BA91615CBF36E00C650AD /* SBJsonWriter.h */; };
		B56BA96C15CBF36E00C650AD /* SBJsonWriter.m in Sources */ = {isa = PBXBuildFile; fileRef = B56BA91715CBF36E00C650AD /* SBJsonWriter.m */; };
		B56BA96D15CBF36E00C650AD /* Base64Transcoder.c in Sources */ = {isa = PBXBuildFile; fileRef = B56BA91A15CBF36E00C650AD /* Base64Transcoder.c */; };
		B56BA96E15CBF36E00C650AD /* Base64Transcoder.h in Headers */ = {isa = PBXBuildFile; fileRef = B56BA91B15CBF36E00C650AD /* Base64Transcoder.h */; };
		B56BA96F15CBF36E00C650AD /* MPDebug.h in Headers */ = {isa = PBXBuildFile; fileRef = B56BA91C15CBF36E00C650AD /* MPDebug.h */; };
		B56BA97015CBF36E00C650AD /* MPOAuth.h in Headers */ = {isa = PBXBuildFile; fileRef = B56BA91D15CBF36E00C650AD /* MPOAuth.h */; };
		B56BA97115CBF36E00C650AD /* MPOAuthAPI.h in Headers */ = {isa = PBXBuildFile; fileRef = B56BA91E15CBF36E00C650AD /* MPOAuthAPI.h */; };
		B56BA97215CBF36E00C650AD /* MPOAuthAPI.m in Sources */ = {isa = PBXBuildFile; fileRef = B56BA91F15CBF36E00C650AD /* MPOAuthAPI.m */; };
		B56BA97315CBF36E00C650AD /* MPOAuthAPIRequestLoader.h in Headers */ = {isa = PBXBuildFile; fileRef = B56BA92015CBF36E00C650AD /* MPOAuthAPIRequestLoader.h */; };
		B56BA97415CBF36E00C650AD /* MPOAuthAPIRequestLoader.m in Sources */ = {isa = PBXBuildFile; fileRef = B56BA92115CBF36E00C650AD /* MPOAuthAPIRequestLoader.m */; };
		B56BA97515CBF36E00C650AD /* MPOAuthAuthenticationMethod.h in Headers */ = {isa = PBXBuildFile; fileRef = B56BA92215CBF36E00C650AD /* MPOAuthAuthenticationMethod.h */; };
		B56BA97615CBF36E00C650AD /* MPOAuthAuthenticationMethod.m in Sources */ = {isa = PBXBuildFile; fileRef = B56BA92315CBF36E00C650AD /* MPOAuthAuthenticationMethod.m */; };
		B56BA97715CBF36E00C650AD /* MPOAuthAuthenticationMethodOAuth.h in Headers */ = {isa = PBXBuildFile; fileRef = B56BA92415CBF36E00C650AD /* MPOAuthAuthenticationMethodOAuth.h */; };
		B56BA97815CBF36E00C650AD /* MPOAuthAuthenticationMethodOAuth.m in Sources */ = {isa = PBXBuildFile; fileRef = B56BA92515CBF36E00C650AD /* MPOAuthAuthenticationMethodOAuth.m */; };
		B56BA97915CBF36E00C650AD /* MPOAuthConnection.h in Headers */ = {isa = PBXBuildFile; fileRef = B56BA92615CBF36E00C650AD /* MPOAuthConnection.h */; };
		B56BA97A15CBF36E00C650AD /* MPOAuthConnection.m in Sources */ = {isa = PBXBuildFile; fileRef = B56BA92715CBF36E00C650AD /* MPOAuthConnection.m */; };
		B56BA97B15CBF36E00C650AD /* MPOAuthCredentiaIConcreteStore+KeychainAdditionsMac.m in Sources */ = {isa = PBXBuildFile; fileRef = B56BA92815CBF36E00C650AD /* MPOAuthCredentiaIConcreteStore+KeychainAdditionsMac.m */; };
		B56BA97C15CBF36E00C650AD /* MPOAuthCredentialConcreteStore+KeychainAdditions.h in Headers */ = {isa = PBXBuildFile; fileRef = B56BA92915CBF36E00C650AD /* MPOAuthCredentialConcreteStore+KeychainAdditions.h */; };
		B56BA97D15CBF36E00C650AD /* MPOAuthCredentialConcreteStore+KeychainAdditionsiPhone.m in Sources */ = {isa = PBXBuildFile; fileRef = B56BA92A15CBF36E00C650AD /* MPOAuthCredentialConcreteStore+KeychainAdditionsiPhone.m */; };
		B56BA97E15CBF36E00C650AD /* MPOAuthCredentialConcreteStore.h in Headers */ = {isa = PBXBuildFile; fileRef = B56BA92B15CBF36E00C650AD /* MPOAuthCredentialConcreteStore.h */; };
		B56BA97F15CBF36E00C650AD /* MPOAuthCredentialConcreteStore.m in Sources */ = {isa = PBXBuildFile; fileRef = B56BA92C15CBF36E00C650AD /* MPOAuthCredentialConcreteStore.m */; };
		B56BA98015CBF36E00C650AD /* MPOAuthCredentialStore.h in Headers */ = {isa = PBXBuildFile; fileRef = B56BA92D15CBF36E00C650AD /* MPOAuthCredentialStore.h */; };
		B56BA98115CBF36E00C650AD /* MPOAuthParameterFactory.h in Headers */ = {isa = PBXBuildFile; fileRef = B56BA92E15CBF36E00C650AD /* MPOAuthParameterFactory.h */; };
		B56BA98215CBF36E00C650AD /* MPOAuthSignatureParameter.h in Headers */ = {isa = PBXBuildFile; fileRef = B56BA92F15CBF36E00C650AD /* MPOAuthSignatureParameter.h */; };
		B56BA98315CBF36E00C650AD /* MPOAuthSignatureParameter.m in Sources */ = {isa = PBXBuildFile; fileRef = B56BA93015CBF36E00C650AD /* MPOAuthSignatureParameter.m */; };
		B56BA98415CBF36E00C650AD /* MPOAuthURLRequest.h in Headers */ = {isa = PBXBuildFile; fileRef = B56BA93115CBF36E00C650AD /* MPOAuthURLRequest.h */; };
		B56BA98515CBF36E00C650AD /* MPOAuthURLRequest.m in Sources */ = {isa = PBXBuildFile; fileRef = B56BA93215CBF36E00C650AD /* MPOAuthURLRequest.m */; };
		B56BA98615CBF36E00C650AD /* MPOAuthURLResponse.h in Headers */ = {isa = PBXBuildFile; fileRef = B56BA93315CBF36E00C650AD /* MPOAuthURLResponse.h */; };
		B56BA98715CBF36E00C650AD /* MPOAuthURLResponse.m in Sources */ = {isa = PBXBuildFile; fileRef = B56BA93415CBF36E00C650AD /* MPOAuthURLResponse.m */; };
		B56BA98815CBF36E00C650AD /* MPURLRequestParameter.h in Headers */ = {isa = PBXBuildFile; fileRef = B56BA93515CBF36E00C650AD /* MPURLRequestParameter.h */; };
		B56BA98915CBF36E00C650AD /* MPURLRequestParameter.m in Sources */ = {isa = PBXBuildFile; fileRef = B56BA93615CBF36E00C650AD /* MPURLRequestParameter.m */; };
		B56BA98A15CBF36E00C650AD /* NSString+URLEscapingAdditions.h in Headers */ = {isa = PBXBuildFile; fileRef = B56BA93715CBF36E00C650AD /* NSString+URLEscapingAdditions.h */; };
		B56BA98B15CBF36E00C650AD /* NSString+URLEscapingAdditions.m in Sources */ = {isa = PBXBuildFile; fileRef = B56BA93815CBF36E00C650AD /* NSString+URLEscapingAdditions.m */; };
		B56BA98C15CBF36E00C650AD /* NSURL+MPURLParameterAdditions.h in Headers */ = {isa = PBXBuildFile; fileRef = B56BA93915CBF36E00C650AD /* NSURL+MPURLParameterAdditions.h */; };
		B56BA98D15CBF36E00C650AD /* NSURL+MPURLParameterAdditions.m in Sources */ = {isa = PBXBuildFile; fileRef = B56BA93A15CBF36E00C650AD /* NSURL+MPURLParameterAdditions.m */; };
		B56BA98E15CBF36E00C650AD /* NSURLResponse+Encoding.h in Headers */ = {isa = PBXBuildFile; fileRef = B56BA93B15CBF36E00C650AD /* NSURLResponse+Encoding.h */; };
		B56BA98F15CBF36E00C650AD /* NSURLResponse+Encoding.m in Sources */ = {isa = PBXBuildFile; fileRef = B56BA93C15CBF36E00C650AD /* NSURLResponse+Encoding.m */; };
		B56BA99015CBF36E00C650AD /* NSString+Dropbox.h in Headers */ = {isa = PBXBuildFile; fileRef = B56BA93D15CBF36E00C650AD /* NSString+Dropbox.h */; };
		B56BA99115CBF36E00C650AD /* NSString+Dropbox.m in Sources */ = {isa = PBXBuildFile; fileRef = B56BA93E15CBF36E00C650AD /* NSString+Dropbox.m */; };
		B56BA99415CBF40D00C650AD /* libnoArcLibreries.a in Frameworks */ = {isa = PBXBuildFile; fileRef = B56BA8E815CBF33200C650AD /* libnoArcLibreries.a */; };
		B56BA99715CBF43900C650AD /* UIKit.framework in Frameworks */ = {isa = PBXBuildFile; fileRef = 34AC0E0D15CBEF73006ED814 /* UIKit.framework */; };
		B56BA99E15CBF50B00C650AD /* CFNetwork.framework in Frameworks */ = {isa = PBXBuildFile; fileRef = B56BA99D15CBF50B00C650AD /* CFNetwork.framework */; };
		B56BA9A015CBF51100C650AD /* SystemConfiguration.framework in Frameworks */ = {isa = PBXBuildFile; fileRef = B56BA99F15CBF51100C650AD /* SystemConfiguration.framework */; };
		B56BA9A215CBF52500C650AD /* libz.dylib in Frameworks */ = {isa = PBXBuildFile; fileRef = B56BA9A115CBF52500C650AD /* libz.dylib */; };
		B56BA9A415CBF55F00C650AD /* Security.framework in Frameworks */ = {isa = PBXBuildFile; fileRef = B56BA9A315CBF55F00C650AD /* Security.framework */; };
		B56BA9A515CBF58A00C650AD /* Security.framework in Frameworks */ = {isa = PBXBuildFile; fileRef = B56BA9A315CBF55F00C650AD /* Security.framework */; };
		B56BA9A615CBF63F00C650AD /* CFNetwork.framework in Frameworks */ = {isa = PBXBuildFile; fileRef = B56BA99D15CBF50B00C650AD /* CFNetwork.framework */; };
		C1F99B5C15CC204E001C9FB8 /* MVYNavigationController.h in Headers */ = {isa = PBXBuildFile; fileRef = C1F99B2B15CC204E001C9FB8 /* MVYNavigationController.h */; };
		C1F99B5D15CC204E001C9FB8 /* MVYNavigationController.m in Sources */ = {isa = PBXBuildFile; fileRef = C1F99B2C15CC204E001C9FB8 /* MVYNavigationController.m */; };
		C1F99B5E15CC204E001C9FB8 /* MVYTabbarViewController.h in Headers */ = {isa = PBXBuildFile; fileRef = C1F99B2D15CC204E001C9FB8 /* MVYTabbarViewController.h */; };
		C1F99B5F15CC204E001C9FB8 /* MVYTabbarViewController.m in Sources */ = {isa = PBXBuildFile; fileRef = C1F99B2E15CC204E001C9FB8 /* MVYTabbarViewController.m */; };
		C1F99B6015CC204E001C9FB8 /* MVYViewController.h in Headers */ = {isa = PBXBuildFile; fileRef = C1F99B2F15CC204E001C9FB8 /* MVYViewController.h */; };
		C1F99B6115CC204E001C9FB8 /* MVYViewController.m in Sources */ = {isa = PBXBuildFile; fileRef = C1F99B3015CC204E001C9FB8 /* MVYViewController.m */; };
		C1F99B6215CC204E001C9FB8 /* AsynchronousImageView.h in Headers */ = {isa = PBXBuildFile; fileRef = C1F99B3215CC204E001C9FB8 /* AsynchronousImageView.h */; };
		C1F99B6315CC204E001C9FB8 /* AsynchronousImageView.m in Sources */ = {isa = PBXBuildFile; fileRef = C1F99B3315CC204E001C9FB8 /* AsynchronousImageView.m */; };
		C1F99B6415CC204E001C9FB8 /* GTMDefines.h in Headers */ = {isa = PBXBuildFile; fileRef = C1F99B3415CC204E001C9FB8 /* GTMDefines.h */; };
		C1F99B6515CC204E001C9FB8 /* GTMNSString+HTML.h in Headers */ = {isa = PBXBuildFile; fileRef = C1F99B3515CC204E001C9FB8 /* GTMNSString+HTML.h */; };
		C1F99B6615CC204E001C9FB8 /* GTMNSString+HTML.m in Sources */ = {isa = PBXBuildFile; fileRef = C1F99B3615CC204E001C9FB8 /* GTMNSString+HTML.m */; };
		C1F99B6715CC204E001C9FB8 /* NSDate+Extras.h in Headers */ = {isa = PBXBuildFile; fileRef = C1F99B3715CC204E001C9FB8 /* NSDate+Extras.h */; };
		C1F99B6815CC204E001C9FB8 /* NSDate+Extras.m in Sources */ = {isa = PBXBuildFile; fileRef = C1F99B3815CC204E001C9FB8 /* NSDate+Extras.m */; };
		C1F99B6915CC204E001C9FB8 /* NSObjectExtras.h in Headers */ = {isa = PBXBuildFile; fileRef = C1F99B3915CC204E001C9FB8 /* NSObjectExtras.h */; };
		C1F99B6A15CC204E001C9FB8 /* NSObjectExtras.m in Sources */ = {isa = PBXBuildFile; fileRef = C1F99B3A15CC204E001C9FB8 /* NSObjectExtras.m */; };
		C1F99B6B15CC204E001C9FB8 /* NSStringExtras.h in Headers */ = {isa = PBXBuildFile; fileRef = C1F99B3B15CC204E001C9FB8 /* NSStringExtras.h */; };
		C1F99B6C15CC204E001C9FB8 /* NSStringExtras.m in Sources */ = {isa = PBXBuildFile; fileRef = C1F99B3C15CC204E001C9FB8 /* NSStringExtras.m */; };
		C1F99B6D15CC204E001C9FB8 /* UIColorExtras.h in Headers */ = {isa = PBXBuildFile; fileRef = C1F99B3D15CC204E001C9FB8 /* UIColorExtras.h */; };
		C1F99B6E15CC204E001C9FB8 /* UIColorExtras.m in Sources */ = {isa = PBXBuildFile; fileRef = C1F99B3E15CC204E001C9FB8 /* UIColorExtras.m */; };
		C1F99B6F15CC204E001C9FB8 /* UIImageExtras.h in Headers */ = {isa = PBXBuildFile; fileRef = C1F99B3F15CC204E001C9FB8 /* UIImageExtras.h */; };
		C1F99B7015CC204E001C9FB8 /* UIImageExtras.m in Sources */ = {isa = PBXBuildFile; fileRef = C1F99B4015CC204E001C9FB8 /* UIImageExtras.m */; };
		C1F99B7115CC204E001C9FB8 /* UILabelExtras.h in Headers */ = {isa = PBXBuildFile; fileRef = C1F99B4115CC204E001C9FB8 /* UILabelExtras.h */; };
		C1F99B7215CC204E001C9FB8 /* UILabelExtras.m in Sources */ = {isa = PBXBuildFile; fileRef = C1F99B4215CC204E001C9FB8 /* UILabelExtras.m */; };
		C1F99B7315CC204E001C9FB8 /* UIViewExtras.h in Headers */ = {isa = PBXBuildFile; fileRef = C1F99B4315CC204E001C9FB8 /* UIViewExtras.h */; };
		C1F99B7415CC204E001C9FB8 /* UIViewExtras.m in Sources */ = {isa = PBXBuildFile; fileRef = C1F99B4415CC204E001C9FB8 /* UIViewExtras.m */; };
		C1F99B7515CC204E001C9FB8 /* UIWebViewExtras.h in Headers */ = {isa = PBXBuildFile; fileRef = C1F99B4515CC204E001C9FB8 /* UIWebViewExtras.h */; };
		C1F99B7615CC204E001C9FB8 /* UIWebViewExtras.m in Sources */ = {isa = PBXBuildFile; fileRef = C1F99B4615CC204E001C9FB8 /* UIWebViewExtras.m */; };
		C1F99B7715CC204E001C9FB8 /* MVYImageView.h in Headers */ = {isa = PBXBuildFile; fileRef = C1F99B4915CC204E001C9FB8 /* MVYImageView.h */; };
		C1F99B7815CC204E001C9FB8 /* MVYImageView.m in Sources */ = {isa = PBXBuildFile; fileRef = C1F99B4A15CC204E001C9FB8 /* MVYImageView.m */; };
		C1F99B7915CC204E001C9FB8 /* RemoteImageView.h in Headers */ = {isa = PBXBuildFile; fileRef = C1F99B4B15CC204E001C9FB8 /* RemoteImageView.h */; };
		C1F99B7A15CC204E001C9FB8 /* RemoteImageView.m in Sources */ = {isa = PBXBuildFile; fileRef = C1F99B4C15CC204E001C9FB8 /* RemoteImageView.m */; };
		C1F99B7B15CC204E001C9FB8 /* MVYPageControl.h in Headers */ = {isa = PBXBuildFile; fileRef = C1F99B4E15CC204E001C9FB8 /* MVYPageControl.h */; };
		C1F99B7C15CC204E001C9FB8 /* MVYPageControl.m in Sources */ = {isa = PBXBuildFile; fileRef = C1F99B4F15CC204E001C9FB8 /* MVYPageControl.m */; };
		C1F99B7D15CC204E001C9FB8 /* MVYPageIndicator.h in Headers */ = {isa = PBXBuildFile; fileRef = C1F99B5015CC204E001C9FB8 /* MVYPageIndicator.h */; };
		C1F99B7E15CC204E001C9FB8 /* MVYPageIndicator.m in Sources */ = {isa = PBXBuildFile; fileRef = C1F99B5115CC204E001C9FB8 /* MVYPageIndicator.m */; };
		C1F99B7F15CC204E001C9FB8 /* PageViewController.h in Headers */ = {isa = PBXBuildFile; fileRef = C1F99B5215CC204E001C9FB8 /* PageViewController.h */; };
		C1F99B8015CC204E001C9FB8 /* PageViewController.m in Sources */ = {isa = PBXBuildFile; fileRef = C1F99B5315CC204E001C9FB8 /* PageViewController.m */; };
		C1F99B8115CC204E001C9FB8 /* VSFPageControl.h in Headers */ = {isa = PBXBuildFile; fileRef = C1F99B5415CC204E001C9FB8 /* VSFPageControl.h */; };
		C1F99B8215CC204E001C9FB8 /* VSFPageControl.m in Sources */ = {isa = PBXBuildFile; fileRef = C1F99B5515CC204E001C9FB8 /* VSFPageControl.m */; };
		C1F99B8315CC204E001C9FB8 /* MVYPickerView.h in Headers */ = {isa = PBXBuildFile; fileRef = C1F99B5715CC204E001C9FB8 /* MVYPickerView.h */; };
		C1F99B8415CC204E001C9FB8 /* MVYPickerView.m in Sources */ = {isa = PBXBuildFile; fileRef = C1F99B5815CC204E001C9FB8 /* MVYPickerView.m */; };
		C1F99B8515CC204E001C9FB8 /* MVYRotatorViewController.h in Headers */ = {isa = PBXBuildFile; fileRef = C1F99B5A15CC204E001C9FB8 /* MVYRotatorViewController.h */; };
		C1F99B8615CC204E001C9FB8 /* MVYRotatorViewController.m in Sources */ = {isa = PBXBuildFile; fileRef = C1F99B5B15CC204E001C9FB8 /* MVYRotatorViewController.m */; };
		C1F99B8A15CC2089001C9FB8 /* MobiveryRequest.h in Headers */ = {isa = PBXBuildFile; fileRef = C1F99B8815CC2089001C9FB8 /* MobiveryRequest.h */; };
		C1F99B8B15CC2089001C9FB8 /* MobiveryRequest.m in Sources */ = {isa = PBXBuildFile; fileRef = C1F99B8915CC2089001C9FB8 /* MobiveryRequest.m */; };
		C1F99B9015CC2167001C9FB8 /* LoginDAO.m in Sources */ = {isa = PBXBuildFile; fileRef = C1F99B8F15CC2167001C9FB8 /* LoginDAO.m */; };
		C1F99B9415CC2562001C9FB8 /* Reachability.h in Headers */ = {isa = PBXBuildFile; fileRef = C1F99B9215CC2562001C9FB8 /* Reachability.h */; };
		C1F99B9515CC2562001C9FB8 /* Reachability.m in Sources */ = {isa = PBXBuildFile; fileRef = C1F99B9315CC2562001C9FB8 /* Reachability.m */; };
		C1F99B9615CC26AE001C9FB8 /* SystemConfiguration.framework in Frameworks */ = {isa = PBXBuildFile; fileRef = B56BA99F15CBF51100C650AD /* SystemConfiguration.framework */; };
		C1FD477F15FA45BF00DB0434 /* MVYToast.h in Headers */ = {isa = PBXBuildFile; fileRef = C1FD477D15FA45BF00DB0434 /* MVYToast.h */; };
		C1FD478015FA45BF00DB0434 /* MVYToast.m in Sources */ = {isa = PBXBuildFile; fileRef = C1FD477E15FA45BF00DB0434 /* MVYToast.m */; };
		C1FD478715FA476100DB0434 /* icon-114.png in Resources */ = {isa = PBXBuildFile; fileRef = C1FD478415FA476100DB0434 /* icon-114.png */; };
		C1FD478815FA476100DB0434 /* icon-57.png in Resources */ = {isa = PBXBuildFile; fileRef = C1FD478515FA476100DB0434 /* icon-57.png */; };
		C1FD478915FA476100DB0434 /* icon-72.png in Resources */ = {isa = PBXBuildFile; fileRef = C1FD478615FA476100DB0434 /* icon-72.png */; };
/* End PBXBuildFile section */

/* Begin PBXContainerItemProxy section */
		B56BA99515CBF41F00C650AD /* PBXContainerItemProxy */ = {
			isa = PBXContainerItemProxy;
			containerPortal = 34AC0E0015CBEF72006ED814 /* Project object */;
			proxyType = 1;
			remoteGlobalIDString = B56BA8E715CBF33200C650AD;
			remoteInfo = noArcLibreries;
		};
/* End PBXContainerItemProxy section */

/* Begin PBXFileReference section */
		216893D515FA01BD00AFF77A /* Storyboard.storyboard */ = {isa = PBXFileReference; fileEncoding = 4; lastKnownFileType = file.storyboard; name = Storyboard.storyboard; path = ../Storyboard.storyboard; sourceTree = "<group>"; };
		2168940915FA143300AFF77A /* SplashWithLoginViewController.h */ = {isa = PBXFileReference; fileEncoding = 4; lastKnownFileType = sourcecode.c.h; path = SplashWithLoginViewController.h; sourceTree = "<group>"; };
		2168940A15FA143300AFF77A /* SplashWithLoginViewController.m */ = {isa = PBXFileReference; fileEncoding = 4; lastKnownFileType = sourcecode.c.objc; path = SplashWithLoginViewController.m; sourceTree = "<group>"; };
		2168940C15FA149300AFF77A /* RegisterViewController.h */ = {isa = PBXFileReference; fileEncoding = 4; lastKnownFileType = sourcecode.c.h; path = RegisterViewController.h; sourceTree = "<group>"; };
		2168940D15FA149300AFF77A /* RegisterViewController.m */ = {isa = PBXFileReference; fileEncoding = 4; lastKnownFileType = sourcecode.c.objc; path = RegisterViewController.m; sourceTree = "<group>"; };
		34AC0E0915CBEF73006ED814 /* iHappiness-iOS.app */ = {isa = PBXFileReference; explicitFileType = wrapper.application; includeInIndex = 0; path = "iHappiness-iOS.app"; sourceTree = BUILT_PRODUCTS_DIR; };
		34AC0E0D15CBEF73006ED814 /* UIKit.framework */ = {isa = PBXFileReference; lastKnownFileType = wrapper.framework; name = UIKit.framework; path = System/Library/Frameworks/UIKit.framework; sourceTree = SDKROOT; };
		34AC0E0F15CBEF73006ED814 /* Foundation.framework */ = {isa = PBXFileReference; lastKnownFileType = wrapper.framework; name = Foundation.framework; path = System/Library/Frameworks/Foundation.framework; sourceTree = SDKROOT; };
		34AC0E1115CBEF73006ED814 /* CoreGraphics.framework */ = {isa = PBXFileReference; lastKnownFileType = wrapper.framework; name = CoreGraphics.framework; path = System/Library/Frameworks/CoreGraphics.framework; sourceTree = SDKROOT; };
		34AC0E1515CBEF73006ED814 /* iHappiness-iOS-Info.plist */ = {isa = PBXFileReference; lastKnownFileType = text.plist.xml; path = "iHappiness-iOS-Info.plist"; sourceTree = "<group>"; };
		34AC0E1715CBEF73006ED814 /* en */ = {isa = PBXFileReference; lastKnownFileType = text.plist.strings; name = en; path = en.lproj/InfoPlist.strings; sourceTree = "<group>"; };
		34AC0E1915CBEF73006ED814 /* main.m */ = {isa = PBXFileReference; lastKnownFileType = sourcecode.c.objc; path = main.m; sourceTree = "<group>"; };
		34AC0E1B15CBEF73006ED814 /* iHappiness-iOS-Prefix.pch */ = {isa = PBXFileReference; lastKnownFileType = sourcecode.c.h; path = "iHappiness-iOS-Prefix.pch"; sourceTree = "<group>"; };
		34AC0E1C15CBEF73006ED814 /* AppDelegate.h */ = {isa = PBXFileReference; lastKnownFileType = sourcecode.c.h; path = AppDelegate.h; sourceTree = "<group>"; };
		34AC0E1D15CBEF73006ED814 /* AppDelegate.m */ = {isa = PBXFileReference; lastKnownFileType = sourcecode.c.objc; path = AppDelegate.m; sourceTree = "<group>"; };
		B56BA8E815CBF33200C650AD /* libnoArcLibreries.a */ = {isa = PBXFileReference; explicitFileType = archive.ar; includeInIndex = 0; path = libnoArcLibreries.a; sourceTree = BUILT_PRODUCTS_DIR; };
		B56BA8EC15CBF33200C650AD /* noArcLibreries-Prefix.pch */ = {isa = PBXFileReference; lastKnownFileType = sourcecode.c.h; path = "noArcLibreries-Prefix.pch"; sourceTree = "<group>"; };
		B56BA8ED15CBF33200C650AD /* noArcLibreries.h */ = {isa = PBXFileReference; lastKnownFileType = sourcecode.c.h; path = noArcLibreries.h; sourceTree = "<group>"; };
		B56BA8EE15CBF33200C650AD /* noArcLibreries.m */ = {isa = PBXFileReference; lastKnownFileType = sourcecode.c.objc; path = noArcLibreries.m; sourceTree = "<group>"; };
		B56BA8F515CBF36E00C650AD /* DBAccountInfo.h */ = {isa = PBXFileReference; fileEncoding = 4; lastKnownFileType = sourcecode.c.h; path = DBAccountInfo.h; sourceTree = "<group>"; };
		B56BA8F615CBF36E00C650AD /* DBAccountInfo.m */ = {isa = PBXFileReference; fileEncoding = 4; lastKnownFileType = sourcecode.c.objc; path = DBAccountInfo.m; sourceTree = "<group>"; };
		B56BA8F715CBF36E00C650AD /* DBCreateAccountController.h */ = {isa = PBXFileReference; fileEncoding = 4; lastKnownFileType = sourcecode.c.h; path = DBCreateAccountController.h; sourceTree = "<group>"; };
		B56BA8F815CBF36E00C650AD /* DBCreateAccountController.m */ = {isa = PBXFileReference; fileEncoding = 4; lastKnownFileType = sourcecode.c.objc; path = DBCreateAccountController.m; sourceTree = "<group>"; };
		B56BA8F915CBF36E00C650AD /* DBError.h */ = {isa = PBXFileReference; fileEncoding = 4; lastKnownFileType = sourcecode.c.h; path = DBError.h; sourceTree = "<group>"; };
		B56BA8FA15CBF36E00C650AD /* DBError.m */ = {isa = PBXFileReference; fileEncoding = 4; lastKnownFileType = sourcecode.c.objc; path = DBError.m; sourceTree = "<group>"; };
		B56BA8FB15CBF36E00C650AD /* DBLoadingView.h */ = {isa = PBXFileReference; fileEncoding = 4; lastKnownFileType = sourcecode.c.h; path = DBLoadingView.h; sourceTree = "<group>"; };
		B56BA8FC15CBF36E00C650AD /* DBLoadingView.m */ = {isa = PBXFileReference; fileEncoding = 4; lastKnownFileType = sourcecode.c.objc; path = DBLoadingView.m; sourceTree = "<group>"; };
		B56BA8FD15CBF36E00C650AD /* DBLoginController.h */ = {isa = PBXFileReference; fileEncoding = 4; lastKnownFileType = sourcecode.c.h; path = DBLoginController.h; sourceTree = "<group>"; };
		B56BA8FE15CBF36E00C650AD /* DBLoginController.m */ = {isa = PBXFileReference; fileEncoding = 4; lastKnownFileType = sourcecode.c.objc; path = DBLoginController.m; sourceTree = "<group>"; };
		B56BA8FF15CBF36E00C650AD /* DBMetadata.h */ = {isa = PBXFileReference; fileEncoding = 4; lastKnownFileType = sourcecode.c.h; path = DBMetadata.h; sourceTree = "<group>"; };
		B56BA90015CBF36E00C650AD /* DBMetadata.m */ = {isa = PBXFileReference; fileEncoding = 4; lastKnownFileType = sourcecode.c.objc; path = DBMetadata.m; sourceTree = "<group>"; };
		B56BA90115CBF36E00C650AD /* DBQuota.h */ = {isa = PBXFileReference; fileEncoding = 4; lastKnownFileType = sourcecode.c.h; path = DBQuota.h; sourceTree = "<group>"; };
		B56BA90215CBF36E00C650AD /* DBQuota.m */ = {isa = PBXFileReference; fileEncoding = 4; lastKnownFileType = sourcecode.c.objc; path = DBQuota.m; sourceTree = "<group>"; };
		B56BA90315CBF36E00C650AD /* DBRequest.h */ = {isa = PBXFileReference; fileEncoding = 4; lastKnownFileType = sourcecode.c.h; path = DBRequest.h; sourceTree = "<group>"; };
		B56BA90415CBF36E00C650AD /* DBRequest.m */ = {isa = PBXFileReference; fileEncoding = 4; lastKnownFileType = sourcecode.c.objc; path = DBRequest.m; sourceTree = "<group>"; };
		B56BA90515CBF36E00C650AD /* DBRestClient.h */ = {isa = PBXFileReference; fileEncoding = 4; lastKnownFileType = sourcecode.c.h; path = DBRestClient.h; sourceTree = "<group>"; };
		B56BA90615CBF36E00C650AD /* DBRestClient.m */ = {isa = PBXFileReference; fileEncoding = 4; lastKnownFileType = sourcecode.c.objc; path = DBRestClient.m; sourceTree = "<group>"; };
		B56BA90715CBF36E00C650AD /* DBSession.h */ = {isa = PBXFileReference; fileEncoding = 4; lastKnownFileType = sourcecode.c.h; path = DBSession.h; sourceTree = "<group>"; };
		B56BA90815CBF36E00C650AD /* DBSession.m */ = {isa = PBXFileReference; fileEncoding = 4; lastKnownFileType = sourcecode.c.objc; path = DBSession.m; sourceTree = "<group>"; };
		B56BA90915CBF36E00C650AD /* DropboxSDK.h */ = {isa = PBXFileReference; fileEncoding = 4; lastKnownFileType = sourcecode.c.h; path = DropboxSDK.h; sourceTree = "<group>"; };
		B56BA90B15CBF36E00C650AD /* JSON.h */ = {isa = PBXFileReference; fileEncoding = 4; lastKnownFileType = sourcecode.c.h; path = JSON.h; sourceTree = "<group>"; };
		B56BA90C15CBF36E00C650AD /* NSObject+SBJSON.h */ = {isa = PBXFileReference; fileEncoding = 4; lastKnownFileType = sourcecode.c.h; path = "NSObject+SBJSON.h"; sourceTree = "<group>"; };
		B56BA90D15CBF36E00C650AD /* NSObject+SBJSON.m */ = {isa = PBXFileReference; fileEncoding = 4; lastKnownFileType = sourcecode.c.objc; path = "NSObject+SBJSON.m"; sourceTree = "<group>"; };
		B56BA90E15CBF36E00C650AD /* NSString+SBJSON.h */ = {isa = PBXFileReference; fileEncoding = 4; lastKnownFileType = sourcecode.c.h; path = "NSString+SBJSON.h"; sourceTree = "<group>"; };
		B56BA90F15CBF36E00C650AD /* NSString+SBJSON.m */ = {isa = PBXFileReference; fileEncoding = 4; lastKnownFileType = sourcecode.c.objc; path = "NSString+SBJSON.m"; sourceTree = "<group>"; };
		B56BA91015CBF36E00C650AD /* SBJSON.h */ = {isa = PBXFileReference; fileEncoding = 4; lastKnownFileType = sourcecode.c.h; path = SBJSON.h; sourceTree = "<group>"; };
		B56BA91115CBF36E00C650AD /* SBJSON.m */ = {isa = PBXFileReference; fileEncoding = 4; lastKnownFileType = sourcecode.c.objc; path = SBJSON.m; sourceTree = "<group>"; };
		B56BA91215CBF36E00C650AD /* SBJsonBase.h */ = {isa = PBXFileReference; fileEncoding = 4; lastKnownFileType = sourcecode.c.h; path = SBJsonBase.h; sourceTree = "<group>"; };
		B56BA91315CBF36E00C650AD /* SBJsonBase.m */ = {isa = PBXFileReference; fileEncoding = 4; lastKnownFileType = sourcecode.c.objc; path = SBJsonBase.m; sourceTree = "<group>"; };
		B56BA91415CBF36E00C650AD /* SBJsonParser.h */ = {isa = PBXFileReference; fileEncoding = 4; lastKnownFileType = sourcecode.c.h; path = SBJsonParser.h; sourceTree = "<group>"; };
		B56BA91515CBF36E00C650AD /* SBJsonParser.m */ = {isa = PBXFileReference; fileEncoding = 4; lastKnownFileType = sourcecode.c.objc; path = SBJsonParser.m; sourceTree = "<group>"; };
		B56BA91615CBF36E00C650AD /* SBJsonWriter.h */ = {isa = PBXFileReference; fileEncoding = 4; lastKnownFileType = sourcecode.c.h; path = SBJsonWriter.h; sourceTree = "<group>"; };
		B56BA91715CBF36E00C650AD /* SBJsonWriter.m */ = {isa = PBXFileReference; fileEncoding = 4; lastKnownFileType = sourcecode.c.objc; path = SBJsonWriter.m; sourceTree = "<group>"; };
		B56BA91A15CBF36E00C650AD /* Base64Transcoder.c */ = {isa = PBXFileReference; fileEncoding = 4; lastKnownFileType = sourcecode.c.c; path = Base64Transcoder.c; sourceTree = "<group>"; };
		B56BA91B15CBF36E00C650AD /* Base64Transcoder.h */ = {isa = PBXFileReference; fileEncoding = 4; lastKnownFileType = sourcecode.c.h; path = Base64Transcoder.h; sourceTree = "<group>"; };
		B56BA91C15CBF36E00C650AD /* MPDebug.h */ = {isa = PBXFileReference; fileEncoding = 4; lastKnownFileType = sourcecode.c.h; path = MPDebug.h; sourceTree = "<group>"; };
		B56BA91D15CBF36E00C650AD /* MPOAuth.h */ = {isa = PBXFileReference; fileEncoding = 4; lastKnownFileType = sourcecode.c.h; path = MPOAuth.h; sourceTree = "<group>"; };
		B56BA91E15CBF36E00C650AD /* MPOAuthAPI.h */ = {isa = PBXFileReference; fileEncoding = 4; lastKnownFileType = sourcecode.c.h; path = MPOAuthAPI.h; sourceTree = "<group>"; };
		B56BA91F15CBF36E00C650AD /* MPOAuthAPI.m */ = {isa = PBXFileReference; fileEncoding = 4; lastKnownFileType = sourcecode.c.objc; path = MPOAuthAPI.m; sourceTree = "<group>"; };
		B56BA92015CBF36E00C650AD /* MPOAuthAPIRequestLoader.h */ = {isa = PBXFileReference; fileEncoding = 4; lastKnownFileType = sourcecode.c.h; path = MPOAuthAPIRequestLoader.h; sourceTree = "<group>"; };
		B56BA92115CBF36E00C650AD /* MPOAuthAPIRequestLoader.m */ = {isa = PBXFileReference; fileEncoding = 4; lastKnownFileType = sourcecode.c.objc; path = MPOAuthAPIRequestLoader.m; sourceTree = "<group>"; };
		B56BA92215CBF36E00C650AD /* MPOAuthAuthenticationMethod.h */ = {isa = PBXFileReference; fileEncoding = 4; lastKnownFileType = sourcecode.c.h; path = MPOAuthAuthenticationMethod.h; sourceTree = "<group>"; };
		B56BA92315CBF36E00C650AD /* MPOAuthAuthenticationMethod.m */ = {isa = PBXFileReference; fileEncoding = 4; lastKnownFileType = sourcecode.c.objc; path = MPOAuthAuthenticationMethod.m; sourceTree = "<group>"; };
		B56BA92415CBF36E00C650AD /* MPOAuthAuthenticationMethodOAuth.h */ = {isa = PBXFileReference; fileEncoding = 4; lastKnownFileType = sourcecode.c.h; path = MPOAuthAuthenticationMethodOAuth.h; sourceTree = "<group>"; };
		B56BA92515CBF36E00C650AD /* MPOAuthAuthenticationMethodOAuth.m */ = {isa = PBXFileReference; fileEncoding = 4; lastKnownFileType = sourcecode.c.objc; path = MPOAuthAuthenticationMethodOAuth.m; sourceTree = "<group>"; };
		B56BA92615CBF36E00C650AD /* MPOAuthConnection.h */ = {isa = PBXFileReference; fileEncoding = 4; lastKnownFileType = sourcecode.c.h; path = MPOAuthConnection.h; sourceTree = "<group>"; };
		B56BA92715CBF36E00C650AD /* MPOAuthConnection.m */ = {isa = PBXFileReference; fileEncoding = 4; lastKnownFileType = sourcecode.c.objc; path = MPOAuthConnection.m; sourceTree = "<group>"; };
		B56BA92815CBF36E00C650AD /* MPOAuthCredentiaIConcreteStore+KeychainAdditionsMac.m */ = {isa = PBXFileReference; fileEncoding = 4; lastKnownFileType = sourcecode.c.objc; path = "MPOAuthCredentiaIConcreteStore+KeychainAdditionsMac.m"; sourceTree = "<group>"; };
		B56BA92915CBF36E00C650AD /* MPOAuthCredentialConcreteStore+KeychainAdditions.h */ = {isa = PBXFileReference; fileEncoding = 4; lastKnownFileType = sourcecode.c.h; path = "MPOAuthCredentialConcreteStore+KeychainAdditions.h"; sourceTree = "<group>"; };
		B56BA92A15CBF36E00C650AD /* MPOAuthCredentialConcreteStore+KeychainAdditionsiPhone.m */ = {isa = PBXFileReference; fileEncoding = 4; lastKnownFileType = sourcecode.c.objc; path = "MPOAuthCredentialConcreteStore+KeychainAdditionsiPhone.m"; sourceTree = "<group>"; };
		B56BA92B15CBF36E00C650AD /* MPOAuthCredentialConcreteStore.h */ = {isa = PBXFileReference; fileEncoding = 4; lastKnownFileType = sourcecode.c.h; path = MPOAuthCredentialConcreteStore.h; sourceTree = "<group>"; };
		B56BA92C15CBF36E00C650AD /* MPOAuthCredentialConcreteStore.m */ = {isa = PBXFileReference; fileEncoding = 4; lastKnownFileType = sourcecode.c.objc; path = MPOAuthCredentialConcreteStore.m; sourceTree = "<group>"; };
		B56BA92D15CBF36E00C650AD /* MPOAuthCredentialStore.h */ = {isa = PBXFileReference; fileEncoding = 4; lastKnownFileType = sourcecode.c.h; path = MPOAuthCredentialStore.h; sourceTree = "<group>"; };
		B56BA92E15CBF36E00C650AD /* MPOAuthParameterFactory.h */ = {isa = PBXFileReference; fileEncoding = 4; lastKnownFileType = sourcecode.c.h; path = MPOAuthParameterFactory.h; sourceTree = "<group>"; };
		B56BA92F15CBF36E00C650AD /* MPOAuthSignatureParameter.h */ = {isa = PBXFileReference; fileEncoding = 4; lastKnownFileType = sourcecode.c.h; path = MPOAuthSignatureParameter.h; sourceTree = "<group>"; };
		B56BA93015CBF36E00C650AD /* MPOAuthSignatureParameter.m */ = {isa = PBXFileReference; fileEncoding = 4; lastKnownFileType = sourcecode.c.objc; path = MPOAuthSignatureParameter.m; sourceTree = "<group>"; };
		B56BA93115CBF36E00C650AD /* MPOAuthURLRequest.h */ = {isa = PBXFileReference; fileEncoding = 4; lastKnownFileType = sourcecode.c.h; path = MPOAuthURLRequest.h; sourceTree = "<group>"; };
		B56BA93215CBF36E00C650AD /* MPOAuthURLRequest.m */ = {isa = PBXFileReference; fileEncoding = 4; lastKnownFileType = sourcecode.c.objc; path = MPOAuthURLRequest.m; sourceTree = "<group>"; };
		B56BA93315CBF36E00C650AD /* MPOAuthURLResponse.h */ = {isa = PBXFileReference; fileEncoding = 4; lastKnownFileType = sourcecode.c.h; path = MPOAuthURLResponse.h; sourceTree = "<group>"; };
		B56BA93415CBF36E00C650AD /* MPOAuthURLResponse.m */ = {isa = PBXFileReference; fileEncoding = 4; lastKnownFileType = sourcecode.c.objc; path = MPOAuthURLResponse.m; sourceTree = "<group>"; };
		B56BA93515CBF36E00C650AD /* MPURLRequestParameter.h */ = {isa = PBXFileReference; fileEncoding = 4; lastKnownFileType = sourcecode.c.h; path = MPURLRequestParameter.h; sourceTree = "<group>"; };
		B56BA93615CBF36E00C650AD /* MPURLRequestParameter.m */ = {isa = PBXFileReference; fileEncoding = 4; lastKnownFileType = sourcecode.c.objc; path = MPURLRequestParameter.m; sourceTree = "<group>"; };
		B56BA93715CBF36E00C650AD /* NSString+URLEscapingAdditions.h */ = {isa = PBXFileReference; fileEncoding = 4; lastKnownFileType = sourcecode.c.h; path = "NSString+URLEscapingAdditions.h"; sourceTree = "<group>"; };
		B56BA93815CBF36E00C650AD /* NSString+URLEscapingAdditions.m */ = {isa = PBXFileReference; fileEncoding = 4; lastKnownFileType = sourcecode.c.objc; path = "NSString+URLEscapingAdditions.m"; sourceTree = "<group>"; };
		B56BA93915CBF36E00C650AD /* NSURL+MPURLParameterAdditions.h */ = {isa = PBXFileReference; fileEncoding = 4; lastKnownFileType = sourcecode.c.h; path = "NSURL+MPURLParameterAdditions.h"; sourceTree = "<group>"; };
		B56BA93A15CBF36E00C650AD /* NSURL+MPURLParameterAdditions.m */ = {isa = PBXFileReference; fileEncoding = 4; lastKnownFileType = sourcecode.c.objc; path = "NSURL+MPURLParameterAdditions.m"; sourceTree = "<group>"; };
		B56BA93B15CBF36E00C650AD /* NSURLResponse+Encoding.h */ = {isa = PBXFileReference; fileEncoding = 4; lastKnownFileType = sourcecode.c.h; path = "NSURLResponse+Encoding.h"; sourceTree = "<group>"; };
		B56BA93C15CBF36E00C650AD /* NSURLResponse+Encoding.m */ = {isa = PBXFileReference; fileEncoding = 4; lastKnownFileType = sourcecode.c.objc; path = "NSURLResponse+Encoding.m"; sourceTree = "<group>"; };
		B56BA93D15CBF36E00C650AD /* NSString+Dropbox.h */ = {isa = PBXFileReference; fileEncoding = 4; lastKnownFileType = sourcecode.c.h; path = "NSString+Dropbox.h"; sourceTree = "<group>"; };
		B56BA93E15CBF36E00C650AD /* NSString+Dropbox.m */ = {isa = PBXFileReference; fileEncoding = 4; lastKnownFileType = sourcecode.c.objc; path = "NSString+Dropbox.m"; sourceTree = "<group>"; };
		B56BA94015CBF36E00C650AD /* db_background.png */ = {isa = PBXFileReference; lastKnownFileType = image.png; path = db_background.png; sourceTree = "<group>"; };
		B56BA94115CBF36E00C650AD /* db_create_account.png */ = {isa = PBXFileReference; lastKnownFileType = image.png; path = db_create_account.png; sourceTree = "<group>"; };
		B56BA94215CBF36E00C650AD /* db_create_account@2x.png */ = {isa = PBXFileReference; lastKnownFileType = image.png; path = "db_create_account@2x.png"; sourceTree = "<group>"; };
		B56BA94315CBF36E00C650AD /* db_create_account_button.png */ = {isa = PBXFileReference; lastKnownFileType = image.png; path = db_create_account_button.png; sourceTree = "<group>"; };
		B56BA94415CBF36E00C650AD /* db_create_account_button_down.png */ = {isa = PBXFileReference; lastKnownFileType = image.png; path = db_create_account_button_down.png; sourceTree = "<group>"; };
		B56BA94515CBF36E00C650AD /* db_link_button.png */ = {isa = PBXFileReference; lastKnownFileType = image.png; path = db_link_button.png; sourceTree = "<group>"; };
		B56BA94615CBF36E00C650AD /* db_link_button_down.png */ = {isa = PBXFileReference; lastKnownFileType = image.png; path = db_link_button_down.png; sourceTree = "<group>"; };
		B56BA94715CBF36E00C650AD /* db_link_header.png */ = {isa = PBXFileReference; lastKnownFileType = image.png; path = db_link_header.png; sourceTree = "<group>"; };
		B56BA94815CBF36E00C650AD /* db_link_header@2x.png */ = {isa = PBXFileReference; lastKnownFileType = image.png; path = "db_link_header@2x.png"; sourceTree = "<group>"; };
		B56BA94915CBF36E00C650AD /* db_logo.png */ = {isa = PBXFileReference; lastKnownFileType = image.png; path = db_logo.png; sourceTree = "<group>"; };
		B56BA94A15CBF36E00C650AD /* db_logo@2x.png */ = {isa = PBXFileReference; lastKnownFileType = image.png; path = "db_logo@2x.png"; sourceTree = "<group>"; };
		B56BA99D15CBF50B00C650AD /* CFNetwork.framework */ = {isa = PBXFileReference; lastKnownFileType = wrapper.framework; name = CFNetwork.framework; path = System/Library/Frameworks/CFNetwork.framework; sourceTree = SDKROOT; };
		B56BA99F15CBF51100C650AD /* SystemConfiguration.framework */ = {isa = PBXFileReference; lastKnownFileType = wrapper.framework; name = SystemConfiguration.framework; path = System/Library/Frameworks/SystemConfiguration.framework; sourceTree = SDKROOT; };
		B56BA9A115CBF52500C650AD /* libz.dylib */ = {isa = PBXFileReference; lastKnownFileType = "compiled.mach-o.dylib"; name = libz.dylib; path = usr/lib/libz.dylib; sourceTree = SDKROOT; };
		B56BA9A315CBF55F00C650AD /* Security.framework */ = {isa = PBXFileReference; lastKnownFileType = wrapper.framework; name = Security.framework; path = System/Library/Frameworks/Security.framework; sourceTree = SDKROOT; };
		C1F99B2B15CC204E001C9FB8 /* MVYNavigationController.h */ = {isa = PBXFileReference; fileEncoding = 4; lastKnownFileType = sourcecode.c.h; path = MVYNavigationController.h; sourceTree = "<group>"; };
		C1F99B2C15CC204E001C9FB8 /* MVYNavigationController.m */ = {isa = PBXFileReference; fileEncoding = 4; lastKnownFileType = sourcecode.c.objc; path = MVYNavigationController.m; sourceTree = "<group>"; };
		C1F99B2D15CC204E001C9FB8 /* MVYTabbarViewController.h */ = {isa = PBXFileReference; fileEncoding = 4; lastKnownFileType = sourcecode.c.h; path = MVYTabbarViewController.h; sourceTree = "<group>"; };
		C1F99B2E15CC204E001C9FB8 /* MVYTabbarViewController.m */ = {isa = PBXFileReference; fileEncoding = 4; lastKnownFileType = sourcecode.c.objc; path = MVYTabbarViewController.m; sourceTree = "<group>"; };
		C1F99B2F15CC204E001C9FB8 /* MVYViewController.h */ = {isa = PBXFileReference; fileEncoding = 4; lastKnownFileType = sourcecode.c.h; path = MVYViewController.h; sourceTree = "<group>"; };
		C1F99B3015CC204E001C9FB8 /* MVYViewController.m */ = {isa = PBXFileReference; fileEncoding = 4; lastKnownFileType = sourcecode.c.objc; path = MVYViewController.m; sourceTree = "<group>"; };
		C1F99B3215CC204E001C9FB8 /* AsynchronousImageView.h */ = {isa = PBXFileReference; fileEncoding = 4; lastKnownFileType = sourcecode.c.h; path = AsynchronousImageView.h; sourceTree = "<group>"; };
		C1F99B3315CC204E001C9FB8 /* AsynchronousImageView.m */ = {isa = PBXFileReference; fileEncoding = 4; lastKnownFileType = sourcecode.c.objc; path = AsynchronousImageView.m; sourceTree = "<group>"; };
		C1F99B3415CC204E001C9FB8 /* GTMDefines.h */ = {isa = PBXFileReference; fileEncoding = 4; lastKnownFileType = sourcecode.c.h; path = GTMDefines.h; sourceTree = "<group>"; };
		C1F99B3515CC204E001C9FB8 /* GTMNSString+HTML.h */ = {isa = PBXFileReference; fileEncoding = 4; lastKnownFileType = sourcecode.c.h; path = "GTMNSString+HTML.h"; sourceTree = "<group>"; };
		C1F99B3615CC204E001C9FB8 /* GTMNSString+HTML.m */ = {isa = PBXFileReference; fileEncoding = 4; lastKnownFileType = sourcecode.c.objc; path = "GTMNSString+HTML.m"; sourceTree = "<group>"; };
		C1F99B3715CC204E001C9FB8 /* NSDate+Extras.h */ = {isa = PBXFileReference; fileEncoding = 4; lastKnownFileType = sourcecode.c.h; path = "NSDate+Extras.h"; sourceTree = "<group>"; };
		C1F99B3815CC204E001C9FB8 /* NSDate+Extras.m */ = {isa = PBXFileReference; fileEncoding = 4; lastKnownFileType = sourcecode.c.objc; path = "NSDate+Extras.m"; sourceTree = "<group>"; };
		C1F99B3915CC204E001C9FB8 /* NSObjectExtras.h */ = {isa = PBXFileReference; fileEncoding = 4; lastKnownFileType = sourcecode.c.h; path = NSObjectExtras.h; sourceTree = "<group>"; };
		C1F99B3A15CC204E001C9FB8 /* NSObjectExtras.m */ = {isa = PBXFileReference; fileEncoding = 4; lastKnownFileType = sourcecode.c.objc; path = NSObjectExtras.m; sourceTree = "<group>"; };
		C1F99B3B15CC204E001C9FB8 /* NSStringExtras.h */ = {isa = PBXFileReference; fileEncoding = 4; lastKnownFileType = sourcecode.c.h; path = NSStringExtras.h; sourceTree = "<group>"; };
		C1F99B3C15CC204E001C9FB8 /* NSStringExtras.m */ = {isa = PBXFileReference; fileEncoding = 4; lastKnownFileType = sourcecode.c.objc; path = NSStringExtras.m; sourceTree = "<group>"; };
		C1F99B3D15CC204E001C9FB8 /* UIColorExtras.h */ = {isa = PBXFileReference; fileEncoding = 4; lastKnownFileType = sourcecode.c.h; path = UIColorExtras.h; sourceTree = "<group>"; };
		C1F99B3E15CC204E001C9FB8 /* UIColorExtras.m */ = {isa = PBXFileReference; fileEncoding = 4; lastKnownFileType = sourcecode.c.objc; path = UIColorExtras.m; sourceTree = "<group>"; };
		C1F99B3F15CC204E001C9FB8 /* UIImageExtras.h */ = {isa = PBXFileReference; fileEncoding = 4; lastKnownFileType = sourcecode.c.h; path = UIImageExtras.h; sourceTree = "<group>"; };
		C1F99B4015CC204E001C9FB8 /* UIImageExtras.m */ = {isa = PBXFileReference; fileEncoding = 4; lastKnownFileType = sourcecode.c.objc; path = UIImageExtras.m; sourceTree = "<group>"; };
		C1F99B4115CC204E001C9FB8 /* UILabelExtras.h */ = {isa = PBXFileReference; fileEncoding = 4; lastKnownFileType = sourcecode.c.h; path = UILabelExtras.h; sourceTree = "<group>"; };
		C1F99B4215CC204E001C9FB8 /* UILabelExtras.m */ = {isa = PBXFileReference; fileEncoding = 4; lastKnownFileType = sourcecode.c.objc; path = UILabelExtras.m; sourceTree = "<group>"; };
		C1F99B4315CC204E001C9FB8 /* UIViewExtras.h */ = {isa = PBXFileReference; fileEncoding = 4; lastKnownFileType = sourcecode.c.h; path = UIViewExtras.h; sourceTree = "<group>"; };
		C1F99B4415CC204E001C9FB8 /* UIViewExtras.m */ = {isa = PBXFileReference; fileEncoding = 4; lastKnownFileType = sourcecode.c.objc; path = UIViewExtras.m; sourceTree = "<group>"; };
		C1F99B4515CC204E001C9FB8 /* UIWebViewExtras.h */ = {isa = PBXFileReference; fileEncoding = 4; lastKnownFileType = sourcecode.c.h; path = UIWebViewExtras.h; sourceTree = "<group>"; };
		C1F99B4615CC204E001C9FB8 /* UIWebViewExtras.m */ = {isa = PBXFileReference; fileEncoding = 4; lastKnownFileType = sourcecode.c.objc; path = UIWebViewExtras.m; sourceTree = "<group>"; };
		C1F99B4915CC204E001C9FB8 /* MVYImageView.h */ = {isa = PBXFileReference; fileEncoding = 4; lastKnownFileType = sourcecode.c.h; path = MVYImageView.h; sourceTree = "<group>"; };
		C1F99B4A15CC204E001C9FB8 /* MVYImageView.m */ = {isa = PBXFileReference; fileEncoding = 4; lastKnownFileType = sourcecode.c.objc; path = MVYImageView.m; sourceTree = "<group>"; };
		C1F99B4B15CC204E001C9FB8 /* RemoteImageView.h */ = {isa = PBXFileReference; fileEncoding = 4; lastKnownFileType = sourcecode.c.h; path = RemoteImageView.h; sourceTree = "<group>"; };
		C1F99B4C15CC204E001C9FB8 /* RemoteImageView.m */ = {isa = PBXFileReference; fileEncoding = 4; lastKnownFileType = sourcecode.c.objc; path = RemoteImageView.m; sourceTree = "<group>"; };
		C1F99B4E15CC204E001C9FB8 /* MVYPageControl.h */ = {isa = PBXFileReference; fileEncoding = 4; lastKnownFileType = sourcecode.c.h; path = MVYPageControl.h; sourceTree = "<group>"; };
		C1F99B4F15CC204E001C9FB8 /* MVYPageControl.m */ = {isa = PBXFileReference; fileEncoding = 4; lastKnownFileType = sourcecode.c.objc; path = MVYPageControl.m; sourceTree = "<group>"; };
		C1F99B5015CC204E001C9FB8 /* MVYPageIndicator.h */ = {isa = PBXFileReference; fileEncoding = 4; lastKnownFileType = sourcecode.c.h; path = MVYPageIndicator.h; sourceTree = "<group>"; };
		C1F99B5115CC204E001C9FB8 /* MVYPageIndicator.m */ = {isa = PBXFileReference; fileEncoding = 4; lastKnownFileType = sourcecode.c.objc; path = MVYPageIndicator.m; sourceTree = "<group>"; };
		C1F99B5215CC204E001C9FB8 /* PageViewController.h */ = {isa = PBXFileReference; fileEncoding = 4; lastKnownFileType = sourcecode.c.h; path = PageViewController.h; sourceTree = "<group>"; };
		C1F99B5315CC204E001C9FB8 /* PageViewController.m */ = {isa = PBXFileReference; fileEncoding = 4; lastKnownFileType = sourcecode.c.objc; path = PageViewController.m; sourceTree = "<group>"; };
		C1F99B5415CC204E001C9FB8 /* VSFPageControl.h */ = {isa = PBXFileReference; fileEncoding = 4; lastKnownFileType = sourcecode.c.h; path = VSFPageControl.h; sourceTree = "<group>"; };
		C1F99B5515CC204E001C9FB8 /* VSFPageControl.m */ = {isa = PBXFileReference; fileEncoding = 4; lastKnownFileType = sourcecode.c.objc; path = VSFPageControl.m; sourceTree = "<group>"; };
		C1F99B5715CC204E001C9FB8 /* MVYPickerView.h */ = {isa = PBXFileReference; fileEncoding = 4; lastKnownFileType = sourcecode.c.h; path = MVYPickerView.h; sourceTree = "<group>"; };
		C1F99B5815CC204E001C9FB8 /* MVYPickerView.m */ = {isa = PBXFileReference; fileEncoding = 4; lastKnownFileType = sourcecode.c.objc; path = MVYPickerView.m; sourceTree = "<group>"; };
		C1F99B5A15CC204E001C9FB8 /* MVYRotatorViewController.h */ = {isa = PBXFileReference; fileEncoding = 4; lastKnownFileType = sourcecode.c.h; path = MVYRotatorViewController.h; sourceTree = "<group>"; };
		C1F99B5B15CC204E001C9FB8 /* MVYRotatorViewController.m */ = {isa = PBXFileReference; fileEncoding = 4; lastKnownFileType = sourcecode.c.objc; path = MVYRotatorViewController.m; sourceTree = "<group>"; };
		C1F99B8815CC2089001C9FB8 /* MobiveryRequest.h */ = {isa = PBXFileReference; fileEncoding = 4; lastKnownFileType = sourcecode.c.h; path = MobiveryRequest.h; sourceTree = "<group>"; };
		C1F99B8915CC2089001C9FB8 /* MobiveryRequest.m */ = {isa = PBXFileReference; fileEncoding = 4; lastKnownFileType = sourcecode.c.objc; path = MobiveryRequest.m; sourceTree = "<group>"; };
		C1F99B8E15CC2167001C9FB8 /* LoginDAO.h */ = {isa = PBXFileReference; fileEncoding = 4; lastKnownFileType = sourcecode.c.h; path = LoginDAO.h; sourceTree = "<group>"; };
		C1F99B8F15CC2167001C9FB8 /* LoginDAO.m */ = {isa = PBXFileReference; fileEncoding = 4; lastKnownFileType = sourcecode.c.objc; path = LoginDAO.m; sourceTree = "<group>"; };
		C1F99B9215CC2562001C9FB8 /* Reachability.h */ = {isa = PBXFileReference; fileEncoding = 4; lastKnownFileType = sourcecode.c.h; path = Reachability.h; sourceTree = "<group>"; };
		C1F99B9315CC2562001C9FB8 /* Reachability.m */ = {isa = PBXFileReference; fileEncoding = 4; lastKnownFileType = sourcecode.c.objc; path = Reachability.m; sourceTree = "<group>"; };
		C1FD477D15FA45BF00DB0434 /* MVYToast.h */ = {isa = PBXFileReference; fileEncoding = 4; lastKnownFileType = sourcecode.c.h; path = MVYToast.h; sourceTree = "<group>"; };
		C1FD477E15FA45BF00DB0434 /* MVYToast.m */ = {isa = PBXFileReference; fileEncoding = 4; lastKnownFileType = sourcecode.c.objc; path = MVYToast.m; sourceTree = "<group>"; };
		C1FD478415FA476100DB0434 /* icon-114.png */ = {isa = PBXFileReference; lastKnownFileType = image.png; path = "icon-114.png"; sourceTree = "<group>"; };
		C1FD478515FA476100DB0434 /* icon-57.png */ = {isa = PBXFileReference; lastKnownFileType = image.png; path = "icon-57.png"; sourceTree = "<group>"; };
		C1FD478615FA476100DB0434 /* icon-72.png */ = {isa = PBXFileReference; lastKnownFileType = image.png; path = "icon-72.png"; sourceTree = "<group>"; };
/* End PBXFileReference section */

/* Begin PBXFrameworksBuildPhase section */
		34AC0E0615CBEF72006ED814 /* Frameworks */ = {
			isa = PBXFrameworksBuildPhase;
			buildActionMask = 2147483647;
			files = (
				C1F99B9615CC26AE001C9FB8 /* SystemConfiguration.framework in Frameworks */,
				B56BA9A615CBF63F00C650AD /* CFNetwork.framework in Frameworks */,
				B56BA9A515CBF58A00C650AD /* Security.framework in Frameworks */,
				B56BA99415CBF40D00C650AD /* libnoArcLibreries.a in Frameworks */,
				34AC0E0E15CBEF73006ED814 /* UIKit.framework in Frameworks */,
				34AC0E1015CBEF73006ED814 /* Foundation.framework in Frameworks */,
				34AC0E1215CBEF73006ED814 /* CoreGraphics.framework in Frameworks */,
			);
			runOnlyForDeploymentPostprocessing = 0;
		};
		B56BA8E515CBF33200C650AD /* Frameworks */ = {
			isa = PBXFrameworksBuildPhase;
			buildActionMask = 2147483647;
			files = (
				B56BA9A415CBF55F00C650AD /* Security.framework in Frameworks */,
				B56BA9A215CBF52500C650AD /* libz.dylib in Frameworks */,
				B56BA9A015CBF51100C650AD /* SystemConfiguration.framework in Frameworks */,
				B56BA99E15CBF50B00C650AD /* CFNetwork.framework in Frameworks */,
				B56BA99715CBF43900C650AD /* UIKit.framework in Frameworks */,
				B56BA8E915CBF33200C650AD /* Foundation.framework in Frameworks */,
			);
			runOnlyForDeploymentPostprocessing = 0;
		};
/* End PBXFrameworksBuildPhase section */

/* Begin PBXGroup section */
		2168940815FA143300AFF77A /* ViewControllers */ = {
			isa = PBXGroup;
			children = (
				2168940915FA143300AFF77A /* SplashWithLoginViewController.h */,
				2168940A15FA143300AFF77A /* SplashWithLoginViewController.m */,
				2168940C15FA149300AFF77A /* RegisterViewController.h */,
				2168940D15FA149300AFF77A /* RegisterViewController.m */,
			);
			path = ViewControllers;
			sourceTree = "<group>";
		};
		34AC0DFE15CBEF72006ED814 = {
			isa = PBXGroup;
			children = (
				34AC0E1315CBEF73006ED814 /* iHappiness-iOS */,
				B56BA8EA15CBF33200C650AD /* noArcLibreries */,
				34AC0E0C15CBEF73006ED814 /* Frameworks */,
				34AC0E0A15CBEF73006ED814 /* Products */,
			);
			sourceTree = "<group>";
		};
		34AC0E0A15CBEF73006ED814 /* Products */ = {
			isa = PBXGroup;
			children = (
				34AC0E0915CBEF73006ED814 /* iHappiness-iOS.app */,
				B56BA8E815CBF33200C650AD /* libnoArcLibreries.a */,
			);
			name = Products;
			sourceTree = "<group>";
		};
		34AC0E0C15CBEF73006ED814 /* Frameworks */ = {
			isa = PBXGroup;
			children = (
				B56BA9A315CBF55F00C650AD /* Security.framework */,
				B56BA9A115CBF52500C650AD /* libz.dylib */,
				B56BA99F15CBF51100C650AD /* SystemConfiguration.framework */,
				B56BA99D15CBF50B00C650AD /* CFNetwork.framework */,
				34AC0E0D15CBEF73006ED814 /* UIKit.framework */,
				34AC0E0F15CBEF73006ED814 /* Foundation.framework */,
				34AC0E1115CBEF73006ED814 /* CoreGraphics.framework */,
			);
			name = Frameworks;
			sourceTree = "<group>";
		};
		34AC0E1315CBEF73006ED814 /* iHappiness-iOS */ = {
			isa = PBXGroup;
			children = (
				C1F99B8C15CC214C001C9FB8 /* Classes */,
				B56BA85B15CBF28A00C650AD /* Libraries */,
				C1FD478215FA476100DB0434 /* Resources */,
				34AC0E1C15CBEF73006ED814 /* AppDelegate.h */,
				34AC0E1D15CBEF73006ED814 /* AppDelegate.m */,
				34AC0E1415CBEF73006ED814 /* Supporting Files */,
			);
			path = "iHappiness-iOS";
			sourceTree = "<group>";
		};
		34AC0E1415CBEF73006ED814 /* Supporting Files */ = {
			isa = PBXGroup;
			children = (
				216893D515FA01BD00AFF77A /* Storyboard.storyboard */,
				34AC0E1515CBEF73006ED814 /* iHappiness-iOS-Info.plist */,
				34AC0E1615CBEF73006ED814 /* InfoPlist.strings */,
				34AC0E1915CBEF73006ED814 /* main.m */,
				34AC0E1B15CBEF73006ED814 /* iHappiness-iOS-Prefix.pch */,
			);
			name = "Supporting Files";
			sourceTree = "<group>";
		};
		B56BA85B15CBF28A00C650AD /* Libraries */ = {
			isa = PBXGroup;
			children = (
				C1F99B2915CC204E001C9FB8 /* ateneo-ui */,
				B56BA8F415CBF36E00C650AD /* DropboxSDK */,
				C1F99B9115CC2562001C9FB8 /* Reachability */,
				C1F99B8715CC2089001C9FB8 /* Request */,
			);
			path = Libraries;
			sourceTree = "<group>";
		};
		B56BA8EA15CBF33200C650AD /* noArcLibreries */ = {
			isa = PBXGroup;
			children = (
				C1FD477B15FA45BF00DB0434 /* Libraries */,
				B56BA8ED15CBF33200C650AD /* noArcLibreries.h */,
				B56BA8EE15CBF33200C650AD /* noArcLibreries.m */,
				B56BA8EB15CBF33200C650AD /* Supporting Files */,
			);
			path = noArcLibreries;
			sourceTree = "<group>";
		};
		B56BA8EB15CBF33200C650AD /* Supporting Files */ = {
			isa = PBXGroup;
			children = (
				B56BA8EC15CBF33200C650AD /* noArcLibreries-Prefix.pch */,
			);
			name = "Supporting Files";
			sourceTree = "<group>";
		};
		B56BA8F415CBF36E00C650AD /* DropboxSDK */ = {
			isa = PBXGroup;
			children = (
				B56BA8F515CBF36E00C650AD /* DBAccountInfo.h */,
				B56BA8F615CBF36E00C650AD /* DBAccountInfo.m */,
				B56BA8F715CBF36E00C650AD /* DBCreateAccountController.h */,
				B56BA8F815CBF36E00C650AD /* DBCreateAccountController.m */,
				B56BA8F915CBF36E00C650AD /* DBError.h */,
				B56BA8FA15CBF36E00C650AD /* DBError.m */,
				B56BA8FB15CBF36E00C650AD /* DBLoadingView.h */,
				B56BA8FC15CBF36E00C650AD /* DBLoadingView.m */,
				B56BA8FD15CBF36E00C650AD /* DBLoginController.h */,
				B56BA8FE15CBF36E00C650AD /* DBLoginController.m */,
				B56BA8FF15CBF36E00C650AD /* DBMetadata.h */,
				B56BA90015CBF36E00C650AD /* DBMetadata.m */,
				B56BA90115CBF36E00C650AD /* DBQuota.h */,
				B56BA90215CBF36E00C650AD /* DBQuota.m */,
				B56BA90315CBF36E00C650AD /* DBRequest.h */,
				B56BA90415CBF36E00C650AD /* DBRequest.m */,
				B56BA90515CBF36E00C650AD /* DBRestClient.h */,
				B56BA90615CBF36E00C650AD /* DBRestClient.m */,
				B56BA90715CBF36E00C650AD /* DBSession.h */,
				B56BA90815CBF36E00C650AD /* DBSession.m */,
				B56BA90915CBF36E00C650AD /* DropboxSDK.h */,
				B56BA90A15CBF36E00C650AD /* JSON */,
				B56BA91815CBF36E00C650AD /* MPOAuth */,
				B56BA93D15CBF36E00C650AD /* NSString+Dropbox.h */,
				B56BA93E15CBF36E00C650AD /* NSString+Dropbox.m */,
				B56BA93F15CBF36E00C650AD /* Resources */,
			);
			path = DropboxSDK;
			sourceTree = "<group>";
		};
		B56BA90A15CBF36E00C650AD /* JSON */ = {
			isa = PBXGroup;
			children = (
				B56BA90B15CBF36E00C650AD /* JSON.h */,
				B56BA90C15CBF36E00C650AD /* NSObject+SBJSON.h */,
				B56BA90D15CBF36E00C650AD /* NSObject+SBJSON.m */,
				B56BA90E15CBF36E00C650AD /* NSString+SBJSON.h */,
				B56BA90F15CBF36E00C650AD /* NSString+SBJSON.m */,
				B56BA91015CBF36E00C650AD /* SBJSON.h */,
				B56BA91115CBF36E00C650AD /* SBJSON.m */,
				B56BA91215CBF36E00C650AD /* SBJsonBase.h */,
				B56BA91315CBF36E00C650AD /* SBJsonBase.m */,
				B56BA91415CBF36E00C650AD /* SBJsonParser.h */,
				B56BA91515CBF36E00C650AD /* SBJsonParser.m */,
				B56BA91615CBF36E00C650AD /* SBJsonWriter.h */,
				B56BA91715CBF36E00C650AD /* SBJsonWriter.m */,
			);
			path = JSON;
			sourceTree = "<group>";
		};
		B56BA91815CBF36E00C650AD /* MPOAuth */ = {
			isa = PBXGroup;
			children = (
				B56BA91915CBF36E00C650AD /* Crypto */,
				B56BA91C15CBF36E00C650AD /* MPDebug.h */,
				B56BA91D15CBF36E00C650AD /* MPOAuth.h */,
				B56BA91E15CBF36E00C650AD /* MPOAuthAPI.h */,
				B56BA91F15CBF36E00C650AD /* MPOAuthAPI.m */,
				B56BA92015CBF36E00C650AD /* MPOAuthAPIRequestLoader.h */,
				B56BA92115CBF36E00C650AD /* MPOAuthAPIRequestLoader.m */,
				B56BA92215CBF36E00C650AD /* MPOAuthAuthenticationMethod.h */,
				B56BA92315CBF36E00C650AD /* MPOAuthAuthenticationMethod.m */,
				B56BA92415CBF36E00C650AD /* MPOAuthAuthenticationMethodOAuth.h */,
				B56BA92515CBF36E00C650AD /* MPOAuthAuthenticationMethodOAuth.m */,
				B56BA92615CBF36E00C650AD /* MPOAuthConnection.h */,
				B56BA92715CBF36E00C650AD /* MPOAuthConnection.m */,
				B56BA92815CBF36E00C650AD /* MPOAuthCredentiaIConcreteStore+KeychainAdditionsMac.m */,
				B56BA92915CBF36E00C650AD /* MPOAuthCredentialConcreteStore+KeychainAdditions.h */,
				B56BA92A15CBF36E00C650AD /* MPOAuthCredentialConcreteStore+KeychainAdditionsiPhone.m */,
				B56BA92B15CBF36E00C650AD /* MPOAuthCredentialConcreteStore.h */,
				B56BA92C15CBF36E00C650AD /* MPOAuthCredentialConcreteStore.m */,
				B56BA92D15CBF36E00C650AD /* MPOAuthCredentialStore.h */,
				B56BA92E15CBF36E00C650AD /* MPOAuthParameterFactory.h */,
				B56BA92F15CBF36E00C650AD /* MPOAuthSignatureParameter.h */,
				B56BA93015CBF36E00C650AD /* MPOAuthSignatureParameter.m */,
				B56BA93115CBF36E00C650AD /* MPOAuthURLRequest.h */,
				B56BA93215CBF36E00C650AD /* MPOAuthURLRequest.m */,
				B56BA93315CBF36E00C650AD /* MPOAuthURLResponse.h */,
				B56BA93415CBF36E00C650AD /* MPOAuthURLResponse.m */,
				B56BA93515CBF36E00C650AD /* MPURLRequestParameter.h */,
				B56BA93615CBF36E00C650AD /* MPURLRequestParameter.m */,
				B56BA93715CBF36E00C650AD /* NSString+URLEscapingAdditions.h */,
				B56BA93815CBF36E00C650AD /* NSString+URLEscapingAdditions.m */,
				B56BA93915CBF36E00C650AD /* NSURL+MPURLParameterAdditions.h */,
				B56BA93A15CBF36E00C650AD /* NSURL+MPURLParameterAdditions.m */,
				B56BA93B15CBF36E00C650AD /* NSURLResponse+Encoding.h */,
				B56BA93C15CBF36E00C650AD /* NSURLResponse+Encoding.m */,
			);
			path = MPOAuth;
			sourceTree = "<group>";
		};
		B56BA91915CBF36E00C650AD /* Crypto */ = {
			isa = PBXGroup;
			children = (
				B56BA91A15CBF36E00C650AD /* Base64Transcoder.c */,
				B56BA91B15CBF36E00C650AD /* Base64Transcoder.h */,
			);
			path = Crypto;
			sourceTree = "<group>";
		};
		B56BA93F15CBF36E00C650AD /* Resources */ = {
			isa = PBXGroup;
			children = (
				B56BA94015CBF36E00C650AD /* db_background.png */,
				B56BA94115CBF36E00C650AD /* db_create_account.png */,
				B56BA94215CBF36E00C650AD /* db_create_account@2x.png */,
				B56BA94315CBF36E00C650AD /* db_create_account_button.png */,
				B56BA94415CBF36E00C650AD /* db_create_account_button_down.png */,
				B56BA94515CBF36E00C650AD /* db_link_button.png */,
				B56BA94615CBF36E00C650AD /* db_link_button_down.png */,
				B56BA94715CBF36E00C650AD /* db_link_header.png */,
				B56BA94815CBF36E00C650AD /* db_link_header@2x.png */,
				B56BA94915CBF36E00C650AD /* db_logo.png */,
				B56BA94A15CBF36E00C650AD /* db_logo@2x.png */,
			);
			path = Resources;
			sourceTree = "<group>";
		};
		C1F99B2915CC204E001C9FB8 /* ateneo-ui */ = {
			isa = PBXGroup;
			children = (
				C1F99B2A15CC204E001C9FB8 /* controllers */,
				C1F99B3115CC204E001C9FB8 /* extras */,
				C1F99B4715CC204E001C9FB8 /* widgets */,
			);
			path = "ateneo-ui";
			sourceTree = "<group>";
		};
		C1F99B2A15CC204E001C9FB8 /* controllers */ = {
			isa = PBXGroup;
			children = (
				C1F99B2B15CC204E001C9FB8 /* MVYNavigationController.h */,
				C1F99B2C15CC204E001C9FB8 /* MVYNavigationController.m */,
				C1F99B2D15CC204E001C9FB8 /* MVYTabbarViewController.h */,
				C1F99B2E15CC204E001C9FB8 /* MVYTabbarViewController.m */,
				C1F99B2F15CC204E001C9FB8 /* MVYViewController.h */,
				C1F99B3015CC204E001C9FB8 /* MVYViewController.m */,
			);
			path = controllers;
			sourceTree = "<group>";
		};
		C1F99B3115CC204E001C9FB8 /* extras */ = {
			isa = PBXGroup;
			children = (
				C1F99B3215CC204E001C9FB8 /* AsynchronousImageView.h */,
				C1F99B3315CC204E001C9FB8 /* AsynchronousImageView.m */,
				C1F99B3415CC204E001C9FB8 /* GTMDefines.h */,
				C1F99B3515CC204E001C9FB8 /* GTMNSString+HTML.h */,
				C1F99B3615CC204E001C9FB8 /* GTMNSString+HTML.m */,
				C1F99B3715CC204E001C9FB8 /* NSDate+Extras.h */,
				C1F99B3815CC204E001C9FB8 /* NSDate+Extras.m */,
				C1F99B3915CC204E001C9FB8 /* NSObjectExtras.h */,
				C1F99B3A15CC204E001C9FB8 /* NSObjectExtras.m */,
				C1F99B3B15CC204E001C9FB8 /* NSStringExtras.h */,
				C1F99B3C15CC204E001C9FB8 /* NSStringExtras.m */,
				C1F99B3D15CC204E001C9FB8 /* UIColorExtras.h */,
				C1F99B3E15CC204E001C9FB8 /* UIColorExtras.m */,
				C1F99B3F15CC204E001C9FB8 /* UIImageExtras.h */,
				C1F99B4015CC204E001C9FB8 /* UIImageExtras.m */,
				C1F99B4115CC204E001C9FB8 /* UILabelExtras.h */,
				C1F99B4215CC204E001C9FB8 /* UILabelExtras.m */,
				C1F99B4315CC204E001C9FB8 /* UIViewExtras.h */,
				C1F99B4415CC204E001C9FB8 /* UIViewExtras.m */,
				C1F99B4515CC204E001C9FB8 /* UIWebViewExtras.h */,
				C1F99B4615CC204E001C9FB8 /* UIWebViewExtras.m */,
			);
			path = extras;
			sourceTree = "<group>";
		};
		C1F99B4715CC204E001C9FB8 /* widgets */ = {
			isa = PBXGroup;
			children = (
				C1F99B4815CC204E001C9FB8 /* images */,
				C1F99B4D15CC204E001C9FB8 /* pageControls */,
				C1F99B5615CC204E001C9FB8 /* picker */,
				C1F99B5915CC204E001C9FB8 /* rotator */,
			);
			path = widgets;
			sourceTree = "<group>";
		};
		C1F99B4815CC204E001C9FB8 /* images */ = {
			isa = PBXGroup;
			children = (
				C1F99B4915CC204E001C9FB8 /* MVYImageView.h */,
				C1F99B4A15CC204E001C9FB8 /* MVYImageView.m */,
				C1F99B4B15CC204E001C9FB8 /* RemoteImageView.h */,
				C1F99B4C15CC204E001C9FB8 /* RemoteImageView.m */,
			);
			path = images;
			sourceTree = "<group>";
		};
		C1F99B4D15CC204E001C9FB8 /* pageControls */ = {
			isa = PBXGroup;
			children = (
				C1F99B4E15CC204E001C9FB8 /* MVYPageControl.h */,
				C1F99B4F15CC204E001C9FB8 /* MVYPageControl.m */,
				C1F99B5015CC204E001C9FB8 /* MVYPageIndicator.h */,
				C1F99B5115CC204E001C9FB8 /* MVYPageIndicator.m */,
				C1F99B5215CC204E001C9FB8 /* PageViewController.h */,
				C1F99B5315CC204E001C9FB8 /* PageViewController.m */,
				C1F99B5415CC204E001C9FB8 /* VSFPageControl.h */,
				C1F99B5515CC204E001C9FB8 /* VSFPageControl.m */,
			);
			path = pageControls;
			sourceTree = "<group>";
		};
		C1F99B5615CC204E001C9FB8 /* picker */ = {
			isa = PBXGroup;
			children = (
				C1F99B5715CC204E001C9FB8 /* MVYPickerView.h */,
				C1F99B5815CC204E001C9FB8 /* MVYPickerView.m */,
			);
			path = picker;
			sourceTree = "<group>";
		};
		C1F99B5915CC204E001C9FB8 /* rotator */ = {
			isa = PBXGroup;
			children = (
				C1F99B5A15CC204E001C9FB8 /* MVYRotatorViewController.h */,
				C1F99B5B15CC204E001C9FB8 /* MVYRotatorViewController.m */,
			);
			path = rotator;
			sourceTree = "<group>";
		};
		C1F99B8715CC2089001C9FB8 /* Request */ = {
			isa = PBXGroup;
			children = (
				C1F99B8815CC2089001C9FB8 /* MobiveryRequest.h */,
				C1F99B8915CC2089001C9FB8 /* MobiveryRequest.m */,
			);
			path = Request;
			sourceTree = "<group>";
		};
		C1F99B8C15CC214C001C9FB8 /* Classes */ = {
			isa = PBXGroup;
			children = (
				2168940815FA143300AFF77A /* ViewControllers */,
				C1F99B8D15CC214C001C9FB8 /* DAO */,
			);
			path = Classes;
			sourceTree = "<group>";
		};
		C1F99B8D15CC214C001C9FB8 /* DAO */ = {
			isa = PBXGroup;
			children = (
				C1F99B8E15CC2167001C9FB8 /* LoginDAO.h */,
				C1F99B8F15CC2167001C9FB8 /* LoginDAO.m */,
			);
			path = DAO;
			sourceTree = "<group>";
		};
		C1F99B9115CC2562001C9FB8 /* Reachability */ = {
			isa = PBXGroup;
			children = (
				C1F99B9215CC2562001C9FB8 /* Reachability.h */,
				C1F99B9315CC2562001C9FB8 /* Reachability.m */,
			);
			path = Reachability;
			sourceTree = "<group>";
		};
		C1FD477B15FA45BF00DB0434 /* Libraries */ = {
			isa = PBXGroup;
			children = (
				C1FD477C15FA45BF00DB0434 /* MVYToast */,
			);
			path = Libraries;
			sourceTree = "<group>";
		};
		C1FD477C15FA45BF00DB0434 /* MVYToast */ = {
			isa = PBXGroup;
			children = (
				C1FD477D15FA45BF00DB0434 /* MVYToast.h */,
				C1FD477E15FA45BF00DB0434 /* MVYToast.m */,
			);
			path = MVYToast;
			sourceTree = "<group>";
		};
		C1FD478215FA476100DB0434 /* Resources */ = {
			isa = PBXGroup;
			children = (
				C1FD478315FA476100DB0434 /* Images */,
			);
			path = Resources;
			sourceTree = "<group>";
		};
		C1FD478315FA476100DB0434 /* Images */ = {
			isa = PBXGroup;
			children = (
				C1FD478415FA476100DB0434 /* icon-114.png */,
				C1FD478515FA476100DB0434 /* icon-57.png */,
				C1FD478615FA476100DB0434 /* icon-72.png */,
			);
			path = Images;
			sourceTree = "<group>";
		};
/* End PBXGroup section */

/* Begin PBXHeadersBuildPhase section */
		B56BA8E615CBF33200C650AD /* Headers */ = {
			isa = PBXHeadersBuildPhase;
			buildActionMask = 2147483647;
			files = (
				B56BA94B15CBF36E00C650AD /* DBAccountInfo.h in Headers */,
				B56BA94D15CBF36E00C650AD /* DBCreateAccountController.h in Headers */,
				B56BA94F15CBF36E00C650AD /* DBError.h in Headers */,
				B56BA95115CBF36E00C650AD /* DBLoadingView.h in Headers */,
				B56BA95315CBF36E00C650AD /* DBLoginController.h in Headers */,
				B56BA95515CBF36E00C650AD /* DBMetadata.h in Headers */,
				B56BA95715CBF36E00C650AD /* DBQuota.h in Headers */,
				B56BA95915CBF36E00C650AD /* DBRequest.h in Headers */,
				B56BA95B15CBF36E00C650AD /* DBRestClient.h in Headers */,
				B56BA95D15CBF36E00C650AD /* DBSession.h in Headers */,
				B56BA95F15CBF36E00C650AD /* DropboxSDK.h in Headers */,
				B56BA96015CBF36E00C650AD /* JSON.h in Headers */,
				B56BA96115CBF36E00C650AD /* NSObject+SBJSON.h in Headers */,
				B56BA96315CBF36E00C650AD /* NSString+SBJSON.h in Headers */,
				B56BA96515CBF36E00C650AD /* SBJSON.h in Headers */,
				B56BA96715CBF36E00C650AD /* SBJsonBase.h in Headers */,
				B56BA96915CBF36E00C650AD /* SBJsonParser.h in Headers */,
				B56BA96B15CBF36E00C650AD /* SBJsonWriter.h in Headers */,
				B56BA96E15CBF36E00C650AD /* Base64Transcoder.h in Headers */,
				B56BA96F15CBF36E00C650AD /* MPDebug.h in Headers */,
				B56BA97015CBF36E00C650AD /* MPOAuth.h in Headers */,
				B56BA97115CBF36E00C650AD /* MPOAuthAPI.h in Headers */,
				B56BA97315CBF36E00C650AD /* MPOAuthAPIRequestLoader.h in Headers */,
				B56BA97515CBF36E00C650AD /* MPOAuthAuthenticationMethod.h in Headers */,
				B56BA97715CBF36E00C650AD /* MPOAuthAuthenticationMethodOAuth.h in Headers */,
				B56BA97915CBF36E00C650AD /* MPOAuthConnection.h in Headers */,
				B56BA97C15CBF36E00C650AD /* MPOAuthCredentialConcreteStore+KeychainAdditions.h in Headers */,
				B56BA97E15CBF36E00C650AD /* MPOAuthCredentialConcreteStore.h in Headers */,
				B56BA98015CBF36E00C650AD /* MPOAuthCredentialStore.h in Headers */,
				B56BA98115CBF36E00C650AD /* MPOAuthParameterFactory.h in Headers */,
				B56BA98215CBF36E00C650AD /* MPOAuthSignatureParameter.h in Headers */,
				B56BA98415CBF36E00C650AD /* MPOAuthURLRequest.h in Headers */,
				B56BA98615CBF36E00C650AD /* MPOAuthURLResponse.h in Headers */,
				B56BA98815CBF36E00C650AD /* MPURLRequestParameter.h in Headers */,
				B56BA98A15CBF36E00C650AD /* NSString+URLEscapingAdditions.h in Headers */,
				B56BA98C15CBF36E00C650AD /* NSURL+MPURLParameterAdditions.h in Headers */,
				B56BA98E15CBF36E00C650AD /* NSURLResponse+Encoding.h in Headers */,
				B56BA99015CBF36E00C650AD /* NSString+Dropbox.h in Headers */,
				C1F99B5C15CC204E001C9FB8 /* MVYNavigationController.h in Headers */,
				C1F99B5E15CC204E001C9FB8 /* MVYTabbarViewController.h in Headers */,
				C1F99B6015CC204E001C9FB8 /* MVYViewController.h in Headers */,
				C1F99B6215CC204E001C9FB8 /* AsynchronousImageView.h in Headers */,
				C1F99B6415CC204E001C9FB8 /* GTMDefines.h in Headers */,
				C1F99B6515CC204E001C9FB8 /* GTMNSString+HTML.h in Headers */,
				C1F99B6715CC204E001C9FB8 /* NSDate+Extras.h in Headers */,
				C1F99B6915CC204E001C9FB8 /* NSObjectExtras.h in Headers */,
				C1F99B6B15CC204E001C9FB8 /* NSStringExtras.h in Headers */,
				C1F99B6D15CC204E001C9FB8 /* UIColorExtras.h in Headers */,
				C1F99B6F15CC204E001C9FB8 /* UIImageExtras.h in Headers */,
				C1F99B7115CC204E001C9FB8 /* UILabelExtras.h in Headers */,
				C1F99B7315CC204E001C9FB8 /* UIViewExtras.h in Headers */,
				C1F99B7515CC204E001C9FB8 /* UIWebViewExtras.h in Headers */,
				C1F99B7715CC204E001C9FB8 /* MVYImageView.h in Headers */,
				C1F99B7915CC204E001C9FB8 /* RemoteImageView.h in Headers */,
				C1F99B7B15CC204E001C9FB8 /* MVYPageControl.h in Headers */,
				C1F99B7D15CC204E001C9FB8 /* MVYPageIndicator.h in Headers */,
				C1F99B7F15CC204E001C9FB8 /* PageViewController.h in Headers */,
				C1F99B8115CC204E001C9FB8 /* VSFPageControl.h in Headers */,
				C1F99B8315CC204E001C9FB8 /* MVYPickerView.h in Headers */,
				C1F99B8515CC204E001C9FB8 /* MVYRotatorViewController.h in Headers */,
				C1F99B8A15CC2089001C9FB8 /* MobiveryRequest.h in Headers */,
				C1F99B9415CC2562001C9FB8 /* Reachability.h in Headers */,
				C1FD477F15FA45BF00DB0434 /* MVYToast.h in Headers */,
			);
			runOnlyForDeploymentPostprocessing = 0;
		};
/* End PBXHeadersBuildPhase section */

/* Begin PBXNativeTarget section */
		34AC0E0815CBEF72006ED814 /* iHappiness-iOS */ = {
			isa = PBXNativeTarget;
			buildConfigurationList = 34AC0E2715CBEF73006ED814 /* Build configuration list for PBXNativeTarget "iHappiness-iOS" */;
			buildPhases = (
				34AC0E0515CBEF72006ED814 /* Sources */,
				34AC0E0615CBEF72006ED814 /* Frameworks */,
				34AC0E0715CBEF72006ED814 /* Resources */,
			);
			buildRules = (
			);
			dependencies = (
				B56BA99615CBF41F00C650AD /* PBXTargetDependency */,
			);
			name = "iHappiness-iOS";
			productName = "iHappiness-iOS";
			productReference = 34AC0E0915CBEF73006ED814 /* iHappiness-iOS.app */;
			productType = "com.apple.product-type.application";
		};
		B56BA8E715CBF33200C650AD /* noArcLibreries */ = {
			isa = PBXNativeTarget;
			buildConfigurationList = B56BA8F215CBF33200C650AD /* Build configuration list for PBXNativeTarget "noArcLibreries" */;
			buildPhases = (
				B56BA8E415CBF33200C650AD /* Sources */,
				B56BA8E515CBF33200C650AD /* Frameworks */,
				B56BA8E615CBF33200C650AD /* Headers */,
			);
			buildRules = (
			);
			dependencies = (
			);
			name = noArcLibreries;
			productName = noArcLibreries;
			productReference = B56BA8E815CBF33200C650AD /* libnoArcLibreries.a */;
			productType = "com.apple.product-type.library.static";
		};
/* End PBXNativeTarget section */

/* Begin PBXProject section */
		34AC0E0015CBEF72006ED814 /* Project object */ = {
			isa = PBXProject;
			attributes = {
				LastUpgradeCheck = 0440;
				ORGANIZATIONNAME = mobivery;
			};
			buildConfigurationList = 34AC0E0315CBEF72006ED814 /* Build configuration list for PBXProject "iHappiness-iOS" */;
			compatibilityVersion = "Xcode 3.2";
			developmentRegion = English;
			hasScannedForEncodings = 0;
			knownRegions = (
				en,
			);
			mainGroup = 34AC0DFE15CBEF72006ED814;
			productRefGroup = 34AC0E0A15CBEF73006ED814 /* Products */;
			projectDirPath = "";
			projectRoot = "";
			targets = (
				34AC0E0815CBEF72006ED814 /* iHappiness-iOS */,
				B56BA8E715CBF33200C650AD /* noArcLibreries */,
			);
		};
/* End PBXProject section */

/* Begin PBXResourcesBuildPhase section */
		34AC0E0715CBEF72006ED814 /* Resources */ = {
			isa = PBXResourcesBuildPhase;
			buildActionMask = 2147483647;
			files = (
				34AC0E1815CBEF73006ED814 /* InfoPlist.strings in Resources */,
				216893D615FA01BD00AFF77A /* Storyboard.storyboard in Resources */,
				C1FD478715FA476100DB0434 /* icon-114.png in Resources */,
				C1FD478815FA476100DB0434 /* icon-57.png in Resources */,
				C1FD478915FA476100DB0434 /* icon-72.png in Resources */,
			);
			runOnlyForDeploymentPostprocessing = 0;
		};
/* End PBXResourcesBuildPhase section */

/* Begin PBXSourcesBuildPhase section */
		34AC0E0515CBEF72006ED814 /* Sources */ = {
			isa = PBXSourcesBuildPhase;
			buildActionMask = 2147483647;
			files = (
				34AC0E1A15CBEF73006ED814 /* main.m in Sources */,
				34AC0E1E15CBEF73006ED814 /* AppDelegate.m in Sources */,
				C1F99B9015CC2167001C9FB8 /* LoginDAO.m in Sources */,
				2168940B15FA143300AFF77A /* SplashWithLoginViewController.m in Sources */,
				2168940E15FA149300AFF77A /* RegisterViewController.m in Sources */,
			);
			runOnlyForDeploymentPostprocessing = 0;
		};
		B56BA8E415CBF33200C650AD /* Sources */ = {
			isa = PBXSourcesBuildPhase;
			buildActionMask = 2147483647;
			files = (
				B56BA8EF15CBF33200C650AD /* noArcLibreries.m in Sources */,
				B56BA94C15CBF36E00C650AD /* DBAccountInfo.m in Sources */,
				B56BA94E15CBF36E00C650AD /* DBCreateAccountController.m in Sources */,
				B56BA95015CBF36E00C650AD /* DBError.m in Sources */,
				B56BA95215CBF36E00C650AD /* DBLoadingView.m in Sources */,
				B56BA95415CBF36E00C650AD /* DBLoginController.m in Sources */,
				B56BA95615CBF36E00C650AD /* DBMetadata.m in Sources */,
				B56BA95815CBF36E00C650AD /* DBQuota.m in Sources */,
				B56BA95A15CBF36E00C650AD /* DBRequest.m in Sources */,
				B56BA95C15CBF36E00C650AD /* DBRestClient.m in Sources */,
				B56BA95E15CBF36E00C650AD /* DBSession.m in Sources */,
				B56BA96215CBF36E00C650AD /* NSObject+SBJSON.m in Sources */,
				B56BA96415CBF36E00C650AD /* NSString+SBJSON.m in Sources */,
				B56BA96615CBF36E00C650AD /* SBJSON.m in Sources */,
				B56BA96815CBF36E00C650AD /* SBJsonBase.m in Sources */,
				B56BA96A15CBF36E00C650AD /* SBJsonParser.m in Sources */,
				B56BA96C15CBF36E00C650AD /* SBJsonWriter.m in Sources */,
				B56BA96D15CBF36E00C650AD /* Base64Transcoder.c in Sources */,
				B56BA97215CBF36E00C650AD /* MPOAuthAPI.m in Sources */,
				B56BA97415CBF36E00C650AD /* MPOAuthAPIRequestLoader.m in Sources */,
				B56BA97615CBF36E00C650AD /* MPOAuthAuthenticationMethod.m in Sources */,
				B56BA97815CBF36E00C650AD /* MPOAuthAuthenticationMethodOAuth.m in Sources */,
				B56BA97A15CBF36E00C650AD /* MPOAuthConnection.m in Sources */,
				B56BA97B15CBF36E00C650AD /* MPOAuthCredentiaIConcreteStore+KeychainAdditionsMac.m in Sources */,
				B56BA97D15CBF36E00C650AD /* MPOAuthCredentialConcreteStore+KeychainAdditionsiPhone.m in Sources */,
				B56BA97F15CBF36E00C650AD /* MPOAuthCredentialConcreteStore.m in Sources */,
				B56BA98315CBF36E00C650AD /* MPOAuthSignatureParameter.m in Sources */,
				B56BA98515CBF36E00C650AD /* MPOAuthURLRequest.m in Sources */,
				B56BA98715CBF36E00C650AD /* MPOAuthURLResponse.m in Sources */,
				B56BA98915CBF36E00C650AD /* MPURLRequestParameter.m in Sources */,
				B56BA98B15CBF36E00C650AD /* NSString+URLEscapingAdditions.m in Sources */,
				B56BA98D15CBF36E00C650AD /* NSURL+MPURLParameterAdditions.m in Sources */,
				B56BA98F15CBF36E00C650AD /* NSURLResponse+Encoding.m in Sources */,
				B56BA99115CBF36E00C650AD /* NSString+Dropbox.m in Sources */,
				C1F99B5D15CC204E001C9FB8 /* MVYNavigationController.m in Sources */,
				C1F99B5F15CC204E001C9FB8 /* MVYTabbarViewController.m in Sources */,
				C1F99B6115CC204E001C9FB8 /* MVYViewController.m in Sources */,
				C1F99B6315CC204E001C9FB8 /* AsynchronousImageView.m in Sources */,
				C1F99B6615CC204E001C9FB8 /* GTMNSString+HTML.m in Sources */,
				C1F99B6815CC204E001C9FB8 /* NSDate+Extras.m in Sources */,
				C1F99B6A15CC204E001C9FB8 /* NSObjectExtras.m in Sources */,
				C1F99B6C15CC204E001C9FB8 /* NSStringExtras.m in Sources */,
				C1F99B6E15CC204E001C9FB8 /* UIColorExtras.m in Sources */,
				C1F99B7015CC204E001C9FB8 /* UIImageExtras.m in Sources */,
				C1F99B7215CC204E001C9FB8 /* UILabelExtras.m in Sources */,
				C1F99B7415CC204E001C9FB8 /* UIViewExtras.m in Sources */,
				C1F99B7615CC204E001C9FB8 /* UIWebViewExtras.m in Sources */,
				C1F99B7815CC204E001C9FB8 /* MVYImageView.m in Sources */,
				C1F99B7A15CC204E001C9FB8 /* RemoteImageView.m in Sources */,
				C1F99B7C15CC204E001C9FB8 /* MVYPageControl.m in Sources */,
				C1F99B7E15CC204E001C9FB8 /* MVYPageIndicator.m in Sources */,
				C1F99B8015CC204E001C9FB8 /* PageViewController.m in Sources */,
				C1F99B8215CC204E001C9FB8 /* VSFPageControl.m in Sources */,
				C1F99B8415CC204E001C9FB8 /* MVYPickerView.m in Sources */,
				C1F99B8615CC204E001C9FB8 /* MVYRotatorViewController.m in Sources */,
				C1F99B8B15CC2089001C9FB8 /* MobiveryRequest.m in Sources */,
				C1F99B9515CC2562001C9FB8 /* Reachability.m in Sources */,
				C1FD478015FA45BF00DB0434 /* MVYToast.m in Sources */,
			);
			runOnlyForDeploymentPostprocessing = 0;
		};
/* End PBXSourcesBuildPhase section */

/* Begin PBXTargetDependency section */
		B56BA99615CBF41F00C650AD /* PBXTargetDependency */ = {
			isa = PBXTargetDependency;
			target = B56BA8E715CBF33200C650AD /* noArcLibreries */;
			targetProxy = B56BA99515CBF41F00C650AD /* PBXContainerItemProxy */;
		};
/* End PBXTargetDependency section */

/* Begin PBXVariantGroup section */
		34AC0E1615CBEF73006ED814 /* InfoPlist.strings */ = {
			isa = PBXVariantGroup;
			children = (
				34AC0E1715CBEF73006ED814 /* en */,
			);
			name = InfoPlist.strings;
			sourceTree = "<group>";
		};
/* End PBXVariantGroup section */

/* Begin XCBuildConfiguration section */
		34AC0E2515CBEF73006ED814 /* Debug */ = {
			isa = XCBuildConfiguration;
			buildSettings = {
				ALWAYS_SEARCH_USER_PATHS = NO;
				ARCHS = "$(ARCHS_STANDARD_32_BIT)";
				CLANG_CXX_LANGUAGE_STANDARD = "gnu++0x";
				CLANG_ENABLE_OBJC_ARC = YES;
				CLANG_WARN__DUPLICATE_METHOD_MATCH = YES;
				CODE_SIGN_IDENTITY = "iPhone Developer: Raimundo Alonso-Cuevillas (43QS9KPHU3)";
				"CODE_SIGN_IDENTITY[sdk=iphoneos*]" = "iPhone Developer: Raimundo Alonso-Cuevillas (43QS9KPHU3)";
				COPY_PHASE_STRIP = NO;
				GCC_C_LANGUAGE_STANDARD = gnu99;
				GCC_DYNAMIC_NO_PIC = NO;
				GCC_OPTIMIZATION_LEVEL = 0;
				GCC_PREPROCESSOR_DEFINITIONS = (
					"DEBUG=1",
					"$(inherited)",
				);
				GCC_SYMBOLS_PRIVATE_EXTERN = NO;
				GCC_VERSION = com.apple.compilers.llvm.clang.1_0;
				GCC_WARN_ABOUT_RETURN_TYPE = YES;
				GCC_WARN_UNINITIALIZED_AUTOS = YES;
				GCC_WARN_UNUSED_VARIABLE = YES;
				IPHONEOS_DEPLOYMENT_TARGET = 5.0;
				PROVISIONING_PROFILE = "493894BA-2536-4583-B9E3-1DEC436D5F27";
				"PROVISIONING_PROFILE[sdk=iphoneos*]" = "493894BA-2536-4583-B9E3-1DEC436D5F27";
				SDKROOT = iphoneos;
			};
			name = Debug;
		};
		34AC0E2615CBEF73006ED814 /* Release */ = {
			isa = XCBuildConfiguration;
			buildSettings = {
				ALWAYS_SEARCH_USER_PATHS = NO;
				ARCHS = "$(ARCHS_STANDARD_32_BIT)";
				CLANG_CXX_LANGUAGE_STANDARD = "gnu++0x";
				CLANG_ENABLE_OBJC_ARC = YES;
				CLANG_WARN__DUPLICATE_METHOD_MATCH = YES;
				"CODE_SIGN_IDENTITY[sdk=iphoneos*]" = "iPhone Developer";
				COPY_PHASE_STRIP = YES;
				GCC_C_LANGUAGE_STANDARD = gnu99;
				GCC_VERSION = com.apple.compilers.llvm.clang.1_0;
				GCC_WARN_ABOUT_RETURN_TYPE = YES;
				GCC_WARN_UNINITIALIZED_AUTOS = YES;
				GCC_WARN_UNUSED_VARIABLE = YES;
				IPHONEOS_DEPLOYMENT_TARGET = 5.0;
				OTHER_CFLAGS = "-DNS_BLOCK_ASSERTIONS=1";
				SDKROOT = iphoneos;
				VALIDATE_PRODUCT = YES;
			};
			name = Release;
		};
		34AC0E2815CBEF73006ED814 /* Debug */ = {
			isa = XCBuildConfiguration;
			buildSettings = {
				GCC_PRECOMPILE_PREFIX_HEADER = YES;
				GCC_PREFIX_HEADER = "iHappiness-iOS/iHappiness-iOS-Prefix.pch";
				INFOPLIST_FILE = "iHappiness-iOS/iHappiness-iOS-Info.plist";
				OTHER_LDFLAGS = "-ObjC";
				PRODUCT_NAME = "$(TARGET_NAME)";
				WRAPPER_EXTENSION = app;
			};
			name = Debug;
		};
		34AC0E2915CBEF73006ED814 /* Release */ = {
			isa = XCBuildConfiguration;
			buildSettings = {
				GCC_PRECOMPILE_PREFIX_HEADER = YES;
				GCC_PREFIX_HEADER = "iHappiness-iOS/iHappiness-iOS-Prefix.pch";
				INFOPLIST_FILE = "iHappiness-iOS/iHappiness-iOS-Info.plist";
				OTHER_LDFLAGS = "-ObjC";
				PRODUCT_NAME = "$(TARGET_NAME)";
				WRAPPER_EXTENSION = app;
			};
			name = Release;
		};
		B56BA8F015CBF33200C650AD /* Debug */ = {
			isa = XCBuildConfiguration;
			buildSettings = {
				CLANG_ENABLE_OBJC_ARC = NO;
				DSTROOT = /tmp/noArcLibreries.dst;
				GCC_PRECOMPILE_PREFIX_HEADER = YES;
				GCC_PREFIX_HEADER = "noArcLibreries/noArcLibreries-Prefix.pch";
				GCC_WARN_ABOUT_MISSING_PROTOTYPES = YES;
				OTHER_LDFLAGS = "-ObjC";
				PRODUCT_NAME = "$(TARGET_NAME)";
				SKIP_INSTALL = YES;
			};
			name = Debug;
		};
		B56BA8F115CBF33200C650AD /* Release */ = {
			isa = XCBuildConfiguration;
			buildSettings = {
				CLANG_ENABLE_OBJC_ARC = NO;
				DSTROOT = /tmp/noArcLibreries.dst;
				GCC_PRECOMPILE_PREFIX_HEADER = YES;
				GCC_PREFIX_HEADER = "noArcLibreries/noArcLibreries-Prefix.pch";
				GCC_WARN_ABOUT_MISSING_PROTOTYPES = YES;
				OTHER_LDFLAGS = "-ObjC";
				PRODUCT_NAME = "$(TARGET_NAME)";
				SKIP_INSTALL = YES;
			};
			name = Release;
		};
/* End XCBuildConfiguration section */

/* Begin XCConfigurationList section */
		34AC0E0315CBEF72006ED814 /* Build configuration list for PBXProject "iHappiness-iOS" */ = {
			isa = XCConfigurationList;
			buildConfigurations = (
				34AC0E2515CBEF73006ED814 /* Debug */,
				34AC0E2615CBEF73006ED814 /* Release */,
			);
			defaultConfigurationIsVisible = 0;
			defaultConfigurationName = Release;
		};
		34AC0E2715CBEF73006ED814 /* Build configuration list for PBXNativeTarget "iHappiness-iOS" */ = {
			isa = XCConfigurationList;
			buildConfigurations = (
				34AC0E2815CBEF73006ED814 /* Debug */,
				34AC0E2915CBEF73006ED814 /* Release */,
			);
			defaultConfigurationIsVisible = 0;
			defaultConfigurationName = Release;
		};
		B56BA8F215CBF33200C650AD /* Build configuration list for PBXNativeTarget "noArcLibreries" */ = {
			isa = XCConfigurationList;
			buildConfigurations = (
				B56BA8F015CBF33200C650AD /* Debug */,
				B56BA8F115CBF33200C650AD /* Release */,
			);
			defaultConfigurationIsVisible = 0;
			defaultConfigurationName = Release;
		};
/* End XCConfigurationList section */
	};
	rootObject = 34AC0E0015CBEF72006ED814 /* Project object */;
}
